// !$*UTF8*$!
{
	archiveVersion = 1;
	classes = {
	};
	objectVersion = 56;
	objects = {

/* Begin PBXBuildFile section */
		660C531C2BC2E23E00E0B910 /* thumbnail@2x.png in Resources */ = {isa = PBXBuildFile; fileRef = 660C531A2BC2E23E00E0B910 /* thumbnail@2x.png */; };
		660C531D2BC2E23E00E0B910 /* thumbnail@2x.png in Resources */ = {isa = PBXBuildFile; fileRef = 660C531A2BC2E23E00E0B910 /* thumbnail@2x.png */; };
		660C531E2BC2E23E00E0B910 /* thumbnail.png in Resources */ = {isa = PBXBuildFile; fileRef = 660C531B2BC2E23E00E0B910 /* thumbnail.png */; };
		660C531F2BC2E23E00E0B910 /* thumbnail.png in Resources */ = {isa = PBXBuildFile; fileRef = 660C531B2BC2E23E00E0B910 /* thumbnail.png */; };
		664403532BC0CAB60095A0EB /* MainView.swift in Sources */ = {isa = PBXBuildFile; fileRef = 6683311E2A94466100442116 /* MainView.swift */; };
		664C730B2BC2FC2D008AA699 /* ContentView.swift in Sources */ = {isa = PBXBuildFile; fileRef = 66ABE6D02A96D63B007D79DB /* ContentView.swift */; };
		664C730C2BC2FC69008AA699 /* ScreenSaver.framework in Frameworks */ = {isa = PBXBuildFile; fileRef = 66D468502A942ADE0073C731 /* ScreenSaver.framework */; };
		66ABE6D32A96D63F007D79DB /* Assets.xcassets in Resources */ = {isa = PBXBuildFile; fileRef = 66ABE6D22A96D63F007D79DB /* Assets.xcassets */; };
		66ABE6F82A96D6E7007D79DB /* ScreenSaver.framework in Frameworks */ = {isa = PBXBuildFile; fileRef = 66D468502A942ADE0073C731 /* ScreenSaver.framework */; };
		66ABE6F92A96D802007D79DB /* MainView.swift in Sources */ = {isa = PBXBuildFile; fileRef = 6683311E2A94466100442116 /* MainView.swift */; };
		66DEF3D82CD507F400225EF5 /* Assets.xcassets in Resources */ = {isa = PBXBuildFile; fileRef = 66ABE6D22A96D63F007D79DB /* Assets.xcassets */; };
		66FD3FE12CD5898400127DB8 /* Man_Walk-1.png in Resources */ = {isa = PBXBuildFile; fileRef = 66FD3FB62CD5898400127DB8 /* Man_Walk-1.png */; };
		66FD3FE32CD5898400127DB8 /* Snake_Hop_Walk-1.png in Resources */ = {isa = PBXBuildFile; fileRef = 66FD3FCF2CD5898400127DB8 /* Snake_Hop_Walk-1.png */; };
		66FD3FE42CD5898400127DB8 /* Paint_Walk-1.png in Resources */ = {isa = PBXBuildFile; fileRef = 66FD3FBC2CD5898400127DB8 /* Paint_Walk-1.png */; };
		66FD3FE52CD5898400127DB8 /* Bat_Walk-4.png in Resources */ = {isa = PBXBuildFile; fileRef = 66FD3F8F2CD5898400127DB8 /* Bat_Walk-4.png */; };
		66FD3FE62CD5898400127DB8 /* Bird_Walk-6.png in Resources */ = {isa = PBXBuildFile; fileRef = 66FD3F972CD5898400127DB8 /* Bird_Walk-6.png */; };
		66FD3FE82CD5898400127DB8 /* Snake_Hop_Walk-3.png in Resources */ = {isa = PBXBuildFile; fileRef = 66FD3FD12CD5898400127DB8 /* Snake_Hop_Walk-3.png */; };
		66FD3FE92CD5898400127DB8 /* Can_Walk-1.png in Resources */ = {isa = PBXBuildFile; fileRef = 66FD3FA12CD5898400127DB8 /* Can_Walk-1.png */; };
		66FD3FEA2CD5898400127DB8 /* Peanut_Walk-1.png in Resources */ = {isa = PBXBuildFile; fileRef = 66FD3FC92CD5898400127DB8 /* Peanut_Walk-1.png */; };
		66FD3FEB2CD5898400127DB8 /* Snake_Hop_Walk-4.png in Resources */ = {isa = PBXBuildFile; fileRef = 66FD3FD22CD5898400127DB8 /* Snake_Hop_Walk-4.png */; };
		66FD3FEC2CD5898400127DB8 /* Sprout_Walk-2.png in Resources */ = {isa = PBXBuildFile; fileRef = 66FD3FD92CD5898400127DB8 /* Sprout_Walk-2.png */; };
		66FD3FED2CD5898400127DB8 /* Pant_Walk-2.png in Resources */ = {isa = PBXBuildFile; fileRef = 66FD3FC12CD5898400127DB8 /* Pant_Walk-2.png */; };
		66FD3FEE2CD5898400127DB8 /* Pea_Walk-3.png in Resources */ = {isa = PBXBuildFile; fileRef = 66FD3FC82CD5898400127DB8 /* Pea_Walk-3.png */; };
		66FD3FEF2CD5898400127DB8 /* Sprout_Walk-7.png in Resources */ = {isa = PBXBuildFile; fileRef = 66FD3FDE2CD5898400127DB8 /* Sprout_Walk-7.png */; };
		66FD3FF02CD5898400127DB8 /* Ouroboros_Walk-2.png in Resources */ = {isa = PBXBuildFile; fileRef = 66FD3FBA2CD5898400127DB8 /* Ouroboros_Walk-2.png */; };
		66FD3FF12CD5898400127DB8 /* Cry_Walk-2.png in Resources */ = {isa = PBXBuildFile; fileRef = 66FD3FA52CD5898400127DB8 /* Cry_Walk-2.png */; };
		66FD3FF22CD5898400127DB8 /* Bat_Walk-5.png in Resources */ = {isa = PBXBuildFile; fileRef = 66FD3F902CD5898400127DB8 /* Bat_Walk-5.png */; };
		66FD3FF32CD5898400127DB8 /* Roll_Walk-2.png in Resources */ = {isa = PBXBuildFile; fileRef = 66FD3FCD2CD5898400127DB8 /* Roll_Walk-2.png */; };
		66FD3FF42CD5898400127DB8 /* Butterfly_Walk-8.png in Resources */ = {isa = PBXBuildFile; fileRef = 66FD3FA02CD5898400127DB8 /* Butterfly_Walk-8.png */; };
		66FD3FF52CD5898400127DB8 /* Bird_Walk-2.png in Resources */ = {isa = PBXBuildFile; fileRef = 66FD3F932CD5898400127DB8 /* Bird_Walk-2.png */; };
		66FD3FF62CD5898400127DB8 /* Butterfly_Walk-4.png in Resources */ = {isa = PBXBuildFile; fileRef = 66FD3F9C2CD5898400127DB8 /* Butterfly_Walk-4.png */; };
		66FD3FF72CD5898400127DB8 /* Pea_Walk-1.png in Resources */ = {isa = PBXBuildFile; fileRef = 66FD3FC62CD5898400127DB8 /* Pea_Walk-1.png */; };
		66FD3FF82CD5898400127DB8 /* Apple_Walk-2.png in Resources */ = {isa = PBXBuildFile; fileRef = 66FD3F872CD5898400127DB8 /* Apple_Walk-2.png */; };
		66FD3FF92CD5898400127DB8 /* Balloon_Walk-2.png in Resources */ = {isa = PBXBuildFile; fileRef = 66FD3F8A2CD5898400127DB8 /* Balloon_Walk-2.png */; };
		66FD3FFA2CD5898400127DB8 /* Bird_Walk-1.png in Resources */ = {isa = PBXBuildFile; fileRef = 66FD3F922CD5898400127DB8 /* Bird_Walk-1.png */; };
		66FD3FFB2CD5898400127DB8 /* Butterfly_Walk-6.png in Resources */ = {isa = PBXBuildFile; fileRef = 66FD3F9E2CD5898400127DB8 /* Butterfly_Walk-6.png */; };
		66FD3FFC2CD5898400127DB8 /* Pant_Walk-3.png in Resources */ = {isa = PBXBuildFile; fileRef = 66FD3FC22CD5898400127DB8 /* Pant_Walk-3.png */; };
		66FD3FFD2CD5898400127DB8 /* Snake_Walk-2.png in Resources */ = {isa = PBXBuildFile; fileRef = 66FD3FD52CD5898400127DB8 /* Snake_Walk-2.png */; };
		66FD3FFE2CD5898400127DB8 /* Sprout_Walk-3.png in Resources */ = {isa = PBXBuildFile; fileRef = 66FD3FDA2CD5898400127DB8 /* Sprout_Walk-3.png */; };
		66FD3FFF2CD5898400127DB8 /* Sprout_Walk-9.png in Resources */ = {isa = PBXBuildFile; fileRef = 66FD3FE02CD5898400127DB8 /* Sprout_Walk-9.png */; };
		66FD40002CD5898400127DB8 /* Horse_Walk-2.png in Resources */ = {isa = PBXBuildFile; fileRef = 66FD3FAF2CD5898400127DB8 /* Horse_Walk-2.png */; };
		66FD40012CD5898400127DB8 /* Sprout_Walk-1.png in Resources */ = {isa = PBXBuildFile; fileRef = 66FD3FD82CD5898400127DB8 /* Sprout_Walk-1.png */; };
		66FD40022CD5898400127DB8 /* Apple_Walk-3.png in Resources */ = {isa = PBXBuildFile; fileRef = 66FD3F882CD5898400127DB8 /* Apple_Walk-3.png */; };
		66FD40032CD5898400127DB8 /* Bat_Walk-6.png in Resources */ = {isa = PBXBuildFile; fileRef = 66FD3F912CD5898400127DB8 /* Bat_Walk-6.png */; };
		66FD40042CD5898400127DB8 /* Bird_Walk-4.png in Resources */ = {isa = PBXBuildFile; fileRef = 66FD3F952CD5898400127DB8 /* Bird_Walk-4.png */; };
		66FD40052CD5898400127DB8 /* Man_Walk-2.png in Resources */ = {isa = PBXBuildFile; fileRef = 66FD3FB72CD5898400127DB8 /* Man_Walk-2.png */; };
		66FD40062CD5898400127DB8 /* Bird_Walk-5.png in Resources */ = {isa = PBXBuildFile; fileRef = 66FD3F962CD5898400127DB8 /* Bird_Walk-5.png */; };
		66FD40072CD5898400127DB8 /* Paint_Walk-2.png in Resources */ = {isa = PBXBuildFile; fileRef = 66FD3FBD2CD5898400127DB8 /* Paint_Walk-2.png */; };
		66FD40082CD5898400127DB8 /* Sprout_Walk-6.png in Resources */ = {isa = PBXBuildFile; fileRef = 66FD3FDD2CD5898400127DB8 /* Sprout_Walk-6.png */; };
		66FD40092CD5898400127DB8 /* Sprout_Walk-5.png in Resources */ = {isa = PBXBuildFile; fileRef = 66FD3FDC2CD5898400127DB8 /* Sprout_Walk-5.png */; };
		66FD400A2CD5898400127DB8 /* Snake_Hop_Walk-5.png in Resources */ = {isa = PBXBuildFile; fileRef = 66FD3FD32CD5898400127DB8 /* Snake_Hop_Walk-5.png */; };
		66FD400B2CD5898400127DB8 /* Cry_Walk-3.png in Resources */ = {isa = PBXBuildFile; fileRef = 66FD3FA62CD5898400127DB8 /* Cry_Walk-3.png */; };
		66FD400C2CD5898400127DB8 /* Snake_Walk-4.png in Resources */ = {isa = PBXBuildFile; fileRef = 66FD3FD72CD5898400127DB8 /* Snake_Walk-4.png */; };
		66FD400D2CD5898400127DB8 /* Paper_Walk-2.png in Resources */ = {isa = PBXBuildFile; fileRef = 66FD3FC42CD5898400127DB8 /* Paper_Walk-2.png */; };
		66FD400E2CD5898400127DB8 /* Goo_Walk-3.png in Resources */ = {isa = PBXBuildFile; fileRef = 66FD3FAC2CD5898400127DB8 /* Goo_Walk-3.png */; };
		66FD400F2CD5898400127DB8 /* Pant_Walk-1.png in Resources */ = {isa = PBXBuildFile; fileRef = 66FD3FC02CD5898400127DB8 /* Pant_Walk-1.png */; };
		66FD40102CD5898400127DB8 /* Balloon_Walk-3.png in Resources */ = {isa = PBXBuildFile; fileRef = 66FD3F8B2CD5898400127DB8 /* Balloon_Walk-3.png */; };
		66FD40112CD5898400127DB8 /* Bat_Walk-2.png in Resources */ = {isa = PBXBuildFile; fileRef = 66FD3F8D2CD5898400127DB8 /* Bat_Walk-2.png */; };
		66FD40122CD5898400127DB8 /* Goo_Walk-1.png in Resources */ = {isa = PBXBuildFile; fileRef = 66FD3FAA2CD5898400127DB8 /* Goo_Walk-1.png */; };
		66FD40132CD5898400127DB8 /* Horse_Walk-1.png in Resources */ = {isa = PBXBuildFile; fileRef = 66FD3FAD2CD5898400127DB8 /* Horse_Walk-1.png */; };
		66FD40142CD5898400127DB8 /* Elephant_Walk-3.png in Resources */ = {isa = PBXBuildFile; fileRef = 66FD3FA92CD5898400127DB8 /* Elephant_Walk-3.png */; };
		66FD40152CD5898400127DB8 /* Elephant_Walk-2.png in Resources */ = {isa = PBXBuildFile; fileRef = 66FD3FA82CD5898400127DB8 /* Elephant_Walk-2.png */; };
		66FD40162CD5898400127DB8 /* Lip_Walk-3.png in Resources */ = {isa = PBXBuildFile; fileRef = 66FD3FB52CD5898400127DB8 /* Lip_Walk-3.png */; };
		66FD40172CD5898400127DB8 /* Pea_Walk-2.png in Resources */ = {isa = PBXBuildFile; fileRef = 66FD3FC72CD5898400127DB8 /* Pea_Walk-2.png */; };
		66FD40182CD5898400127DB8 /* Can_Walk-2.png in Resources */ = {isa = PBXBuildFile; fileRef = 66FD3FA22CD5898400127DB8 /* Can_Walk-2.png */; };
		66FD40192CD5898400127DB8 /* Goo_Walk-2.png in Resources */ = {isa = PBXBuildFile; fileRef = 66FD3FAB2CD5898400127DB8 /* Goo_Walk-2.png */; };
		66FD401A2CD5898400127DB8 /* Snake_Hop_Walk-2.png in Resources */ = {isa = PBXBuildFile; fileRef = 66FD3FD02CD5898400127DB8 /* Snake_Hop_Walk-2.png */; };
		66FD401B2CD5898400127DB8 /* Bird_Walk-7.png in Resources */ = {isa = PBXBuildFile; fileRef = 66FD3F982CD5898400127DB8 /* Bird_Walk-7.png */; };
		66FD401C2CD5898400127DB8 /* Horse_Walk-3.png in Resources */ = {isa = PBXBuildFile; fileRef = 66FD3FB12CD5898400127DB8 /* Horse_Walk-3.png */; };
		66FD401D2CD5898400127DB8 /* Ouroboros_Walk-3.png in Resources */ = {isa = PBXBuildFile; fileRef = 66FD3FBB2CD5898400127DB8 /* Ouroboros_Walk-3.png */; };
		66FD401F2CD5898400127DB8 /* Apple_Walk-1.png in Resources */ = {isa = PBXBuildFile; fileRef = 66FD3F862CD5898400127DB8 /* Apple_Walk-1.png */; };
		66FD40202CD5898400127DB8 /* Butterfly_Walk-2.png in Resources */ = {isa = PBXBuildFile; fileRef = 66FD3F9A2CD5898400127DB8 /* Butterfly_Walk-2.png */; };
		66FD40212CD5898400127DB8 /* Paint_Walk-4.png in Resources */ = {isa = PBXBuildFile; fileRef = 66FD3FBF2CD5898400127DB8 /* Paint_Walk-4.png */; };
		66FD40222CD5898400127DB8 /* Peanut_Walk-2.png in Resources */ = {isa = PBXBuildFile; fileRef = 66FD3FCA2CD5898400127DB8 /* Peanut_Walk-2.png */; };
		66FD40232CD5898400127DB8 /* Lip_Walk-1.png in Resources */ = {isa = PBXBuildFile; fileRef = 66FD3FB32CD5898400127DB8 /* Lip_Walk-1.png */; };
		66FD40242CD5898400127DB8 /* Bird_Walk-3.png in Resources */ = {isa = PBXBuildFile; fileRef = 66FD3F942CD5898400127DB8 /* Bird_Walk-3.png */; };
		66FD40252CD5898400127DB8 /* Ouroboros_Walk-1.png in Resources */ = {isa = PBXBuildFile; fileRef = 66FD3FB92CD5898400127DB8 /* Ouroboros_Walk-1.png */; };
		66FD40262CD5898400127DB8 /* Butterfly_Walk-5.png in Resources */ = {isa = PBXBuildFile; fileRef = 66FD3F9D2CD5898400127DB8 /* Butterfly_Walk-5.png */; };
		66FD40272CD5898400127DB8 /* Elephant_Walk-1.png in Resources */ = {isa = PBXBuildFile; fileRef = 66FD3FA72CD5898400127DB8 /* Elephant_Walk-1.png */; };
		66FD40282CD5898400127DB8 /* Cry_Walk-1.png in Resources */ = {isa = PBXBuildFile; fileRef = 66FD3FA42CD5898400127DB8 /* Cry_Walk-1.png */; };
		66FD40292CD5898400127DB8 /* Butterfly_Walk-3.png in Resources */ = {isa = PBXBuildFile; fileRef = 66FD3F9B2CD5898400127DB8 /* Butterfly_Walk-3.png */; };
		66FD402A2CD5898400127DB8 /* Peanut_Walk-3.png in Resources */ = {isa = PBXBuildFile; fileRef = 66FD3FCB2CD5898400127DB8 /* Peanut_Walk-3.png */; };
		66FD402B2CD5898400127DB8 /* Paper_Walk-1.png in Resources */ = {isa = PBXBuildFile; fileRef = 66FD3FC32CD5898400127DB8 /* Paper_Walk-1.png */; };
		66FD402C2CD5898400127DB8 /* Roll_Walk-3.png in Resources */ = {isa = PBXBuildFile; fileRef = 66FD3FCE2CD5898400127DB8 /* Roll_Walk-3.png */; };
		66FD402D2CD5898400127DB8 /* Balloon_Walk-1.png in Resources */ = {isa = PBXBuildFile; fileRef = 66FD3F892CD5898400127DB8 /* Balloon_Walk-1.png */; };
		66FD402E2CD5898400127DB8 /* Butterfly_Walk-1.png in Resources */ = {isa = PBXBuildFile; fileRef = 66FD3F992CD5898400127DB8 /* Butterfly_Walk-1.png */; };
		66FD402F2CD5898400127DB8 /* Can_Walk-3.png in Resources */ = {isa = PBXBuildFile; fileRef = 66FD3FA32CD5898400127DB8 /* Can_Walk-3.png */; };
		66FD40302CD5898400127DB8 /* Paint_Walk-3.png in Resources */ = {isa = PBXBuildFile; fileRef = 66FD3FBE2CD5898400127DB8 /* Paint_Walk-3.png */; };
		66FD40312CD5898400127DB8 /* Snake_Walk-3.png in Resources */ = {isa = PBXBuildFile; fileRef = 66FD3FD62CD5898400127DB8 /* Snake_Walk-3.png */; };
		66FD40322CD5898400127DB8 /* Roll_Walk-1.png in Resources */ = {isa = PBXBuildFile; fileRef = 66FD3FCC2CD5898400127DB8 /* Roll_Walk-1.png */; };
		66FD40332CD5898400127DB8 /* Man_Walk-3.png in Resources */ = {isa = PBXBuildFile; fileRef = 66FD3FB82CD5898400127DB8 /* Man_Walk-3.png */; };
		66FD40342CD5898400127DB8 /* Bat_Walk-1.png in Resources */ = {isa = PBXBuildFile; fileRef = 66FD3F8C2CD5898400127DB8 /* Bat_Walk-1.png */; };
		66FD40352CD5898400127DB8 /* Paper_Walk-3.png in Resources */ = {isa = PBXBuildFile; fileRef = 66FD3FC52CD5898400127DB8 /* Paper_Walk-3.png */; };
		66FD40362CD5898400127DB8 /* Sprout_Walk-4.png in Resources */ = {isa = PBXBuildFile; fileRef = 66FD3FDB2CD5898400127DB8 /* Sprout_Walk-4.png */; };
		66FD40372CD5898400127DB8 /* Sprout_Walk-8.png in Resources */ = {isa = PBXBuildFile; fileRef = 66FD3FDF2CD5898400127DB8 /* Sprout_Walk-8.png */; };
		66FD40382CD5898400127DB8 /* Lip_Walk-2.png in Resources */ = {isa = PBXBuildFile; fileRef = 66FD3FB42CD5898400127DB8 /* Lip_Walk-2.png */; };
		66FD40392CD5898400127DB8 /* Butterfly_Walk-7.png in Resources */ = {isa = PBXBuildFile; fileRef = 66FD3F9F2CD5898400127DB8 /* Butterfly_Walk-7.png */; };
		66FD403A2CD5898400127DB8 /* Snake_Walk-1.png in Resources */ = {isa = PBXBuildFile; fileRef = 66FD3FD42CD5898400127DB8 /* Snake_Walk-1.png */; };
		66FD403B2CD5898400127DB8 /* Bat_Walk-3.png in Resources */ = {isa = PBXBuildFile; fileRef = 66FD3F8E2CD5898400127DB8 /* Bat_Walk-3.png */; };
		66FD403C2CD5898400127DB8 /* Man_Walk-1.png in Resources */ = {isa = PBXBuildFile; fileRef = 66FD3FB62CD5898400127DB8 /* Man_Walk-1.png */; };
		66FD403E2CD5898400127DB8 /* Snake_Hop_Walk-1.png in Resources */ = {isa = PBXBuildFile; fileRef = 66FD3FCF2CD5898400127DB8 /* Snake_Hop_Walk-1.png */; };
		66FD403F2CD5898400127DB8 /* Paint_Walk-1.png in Resources */ = {isa = PBXBuildFile; fileRef = 66FD3FBC2CD5898400127DB8 /* Paint_Walk-1.png */; };
		66FD40402CD5898400127DB8 /* Bat_Walk-4.png in Resources */ = {isa = PBXBuildFile; fileRef = 66FD3F8F2CD5898400127DB8 /* Bat_Walk-4.png */; };
		66FD40412CD5898400127DB8 /* Bird_Walk-6.png in Resources */ = {isa = PBXBuildFile; fileRef = 66FD3F972CD5898400127DB8 /* Bird_Walk-6.png */; };
		66FD40432CD5898400127DB8 /* Snake_Hop_Walk-3.png in Resources */ = {isa = PBXBuildFile; fileRef = 66FD3FD12CD5898400127DB8 /* Snake_Hop_Walk-3.png */; };
		66FD40442CD5898400127DB8 /* Can_Walk-1.png in Resources */ = {isa = PBXBuildFile; fileRef = 66FD3FA12CD5898400127DB8 /* Can_Walk-1.png */; };
		66FD40452CD5898400127DB8 /* Peanut_Walk-1.png in Resources */ = {isa = PBXBuildFile; fileRef = 66FD3FC92CD5898400127DB8 /* Peanut_Walk-1.png */; };
		66FD40462CD5898400127DB8 /* Snake_Hop_Walk-4.png in Resources */ = {isa = PBXBuildFile; fileRef = 66FD3FD22CD5898400127DB8 /* Snake_Hop_Walk-4.png */; };
		66FD40472CD5898400127DB8 /* Sprout_Walk-2.png in Resources */ = {isa = PBXBuildFile; fileRef = 66FD3FD92CD5898400127DB8 /* Sprout_Walk-2.png */; };
		66FD40482CD5898400127DB8 /* Pant_Walk-2.png in Resources */ = {isa = PBXBuildFile; fileRef = 66FD3FC12CD5898400127DB8 /* Pant_Walk-2.png */; };
		66FD40492CD5898400127DB8 /* Pea_Walk-3.png in Resources */ = {isa = PBXBuildFile; fileRef = 66FD3FC82CD5898400127DB8 /* Pea_Walk-3.png */; };
		66FD404A2CD5898400127DB8 /* Sprout_Walk-7.png in Resources */ = {isa = PBXBuildFile; fileRef = 66FD3FDE2CD5898400127DB8 /* Sprout_Walk-7.png */; };
		66FD404B2CD5898400127DB8 /* Ouroboros_Walk-2.png in Resources */ = {isa = PBXBuildFile; fileRef = 66FD3FBA2CD5898400127DB8 /* Ouroboros_Walk-2.png */; };
		66FD404C2CD5898400127DB8 /* Cry_Walk-2.png in Resources */ = {isa = PBXBuildFile; fileRef = 66FD3FA52CD5898400127DB8 /* Cry_Walk-2.png */; };
		66FD404D2CD5898400127DB8 /* Bat_Walk-5.png in Resources */ = {isa = PBXBuildFile; fileRef = 66FD3F902CD5898400127DB8 /* Bat_Walk-5.png */; };
		66FD404E2CD5898400127DB8 /* Roll_Walk-2.png in Resources */ = {isa = PBXBuildFile; fileRef = 66FD3FCD2CD5898400127DB8 /* Roll_Walk-2.png */; };
		66FD404F2CD5898400127DB8 /* Butterfly_Walk-8.png in Resources */ = {isa = PBXBuildFile; fileRef = 66FD3FA02CD5898400127DB8 /* Butterfly_Walk-8.png */; };
		66FD40502CD5898400127DB8 /* Bird_Walk-2.png in Resources */ = {isa = PBXBuildFile; fileRef = 66FD3F932CD5898400127DB8 /* Bird_Walk-2.png */; };
		66FD40512CD5898400127DB8 /* Butterfly_Walk-4.png in Resources */ = {isa = PBXBuildFile; fileRef = 66FD3F9C2CD5898400127DB8 /* Butterfly_Walk-4.png */; };
		66FD40522CD5898400127DB8 /* Pea_Walk-1.png in Resources */ = {isa = PBXBuildFile; fileRef = 66FD3FC62CD5898400127DB8 /* Pea_Walk-1.png */; };
		66FD40532CD5898400127DB8 /* Apple_Walk-2.png in Resources */ = {isa = PBXBuildFile; fileRef = 66FD3F872CD5898400127DB8 /* Apple_Walk-2.png */; };
		66FD40542CD5898400127DB8 /* Balloon_Walk-2.png in Resources */ = {isa = PBXBuildFile; fileRef = 66FD3F8A2CD5898400127DB8 /* Balloon_Walk-2.png */; };
		66FD40552CD5898400127DB8 /* Bird_Walk-1.png in Resources */ = {isa = PBXBuildFile; fileRef = 66FD3F922CD5898400127DB8 /* Bird_Walk-1.png */; };
		66FD40562CD5898400127DB8 /* Butterfly_Walk-6.png in Resources */ = {isa = PBXBuildFile; fileRef = 66FD3F9E2CD5898400127DB8 /* Butterfly_Walk-6.png */; };
		66FD40572CD5898400127DB8 /* Pant_Walk-3.png in Resources */ = {isa = PBXBuildFile; fileRef = 66FD3FC22CD5898400127DB8 /* Pant_Walk-3.png */; };
		66FD40582CD5898400127DB8 /* Snake_Walk-2.png in Resources */ = {isa = PBXBuildFile; fileRef = 66FD3FD52CD5898400127DB8 /* Snake_Walk-2.png */; };
		66FD40592CD5898400127DB8 /* Sprout_Walk-3.png in Resources */ = {isa = PBXBuildFile; fileRef = 66FD3FDA2CD5898400127DB8 /* Sprout_Walk-3.png */; };
		66FD405A2CD5898400127DB8 /* Sprout_Walk-9.png in Resources */ = {isa = PBXBuildFile; fileRef = 66FD3FE02CD5898400127DB8 /* Sprout_Walk-9.png */; };
		66FD405B2CD5898400127DB8 /* Horse_Walk-2.png in Resources */ = {isa = PBXBuildFile; fileRef = 66FD3FAF2CD5898400127DB8 /* Horse_Walk-2.png */; };
		66FD405C2CD5898400127DB8 /* Sprout_Walk-1.png in Resources */ = {isa = PBXBuildFile; fileRef = 66FD3FD82CD5898400127DB8 /* Sprout_Walk-1.png */; };
		66FD405D2CD5898400127DB8 /* Apple_Walk-3.png in Resources */ = {isa = PBXBuildFile; fileRef = 66FD3F882CD5898400127DB8 /* Apple_Walk-3.png */; };
		66FD405E2CD5898400127DB8 /* Bat_Walk-6.png in Resources */ = {isa = PBXBuildFile; fileRef = 66FD3F912CD5898400127DB8 /* Bat_Walk-6.png */; };
		66FD405F2CD5898400127DB8 /* Bird_Walk-4.png in Resources */ = {isa = PBXBuildFile; fileRef = 66FD3F952CD5898400127DB8 /* Bird_Walk-4.png */; };
		66FD40602CD5898400127DB8 /* Man_Walk-2.png in Resources */ = {isa = PBXBuildFile; fileRef = 66FD3FB72CD5898400127DB8 /* Man_Walk-2.png */; };
		66FD40612CD5898400127DB8 /* Bird_Walk-5.png in Resources */ = {isa = PBXBuildFile; fileRef = 66FD3F962CD5898400127DB8 /* Bird_Walk-5.png */; };
		66FD40622CD5898400127DB8 /* Paint_Walk-2.png in Resources */ = {isa = PBXBuildFile; fileRef = 66FD3FBD2CD5898400127DB8 /* Paint_Walk-2.png */; };
		66FD40632CD5898400127DB8 /* Sprout_Walk-6.png in Resources */ = {isa = PBXBuildFile; fileRef = 66FD3FDD2CD5898400127DB8 /* Sprout_Walk-6.png */; };
		66FD40642CD5898400127DB8 /* Sprout_Walk-5.png in Resources */ = {isa = PBXBuildFile; fileRef = 66FD3FDC2CD5898400127DB8 /* Sprout_Walk-5.png */; };
		66FD40652CD5898400127DB8 /* Snake_Hop_Walk-5.png in Resources */ = {isa = PBXBuildFile; fileRef = 66FD3FD32CD5898400127DB8 /* Snake_Hop_Walk-5.png */; };
		66FD40662CD5898400127DB8 /* Cry_Walk-3.png in Resources */ = {isa = PBXBuildFile; fileRef = 66FD3FA62CD5898400127DB8 /* Cry_Walk-3.png */; };
		66FD40672CD5898400127DB8 /* Snake_Walk-4.png in Resources */ = {isa = PBXBuildFile; fileRef = 66FD3FD72CD5898400127DB8 /* Snake_Walk-4.png */; };
		66FD40682CD5898400127DB8 /* Paper_Walk-2.png in Resources */ = {isa = PBXBuildFile; fileRef = 66FD3FC42CD5898400127DB8 /* Paper_Walk-2.png */; };
		66FD40692CD5898400127DB8 /* Goo_Walk-3.png in Resources */ = {isa = PBXBuildFile; fileRef = 66FD3FAC2CD5898400127DB8 /* Goo_Walk-3.png */; };
		66FD406A2CD5898400127DB8 /* Pant_Walk-1.png in Resources */ = {isa = PBXBuildFile; fileRef = 66FD3FC02CD5898400127DB8 /* Pant_Walk-1.png */; };
		66FD406B2CD5898400127DB8 /* Balloon_Walk-3.png in Resources */ = {isa = PBXBuildFile; fileRef = 66FD3F8B2CD5898400127DB8 /* Balloon_Walk-3.png */; };
		66FD406C2CD5898400127DB8 /* Bat_Walk-2.png in Resources */ = {isa = PBXBuildFile; fileRef = 66FD3F8D2CD5898400127DB8 /* Bat_Walk-2.png */; };
		66FD406D2CD5898400127DB8 /* Goo_Walk-1.png in Resources */ = {isa = PBXBuildFile; fileRef = 66FD3FAA2CD5898400127DB8 /* Goo_Walk-1.png */; };
		66FD406E2CD5898400127DB8 /* Horse_Walk-1.png in Resources */ = {isa = PBXBuildFile; fileRef = 66FD3FAD2CD5898400127DB8 /* Horse_Walk-1.png */; };
		66FD406F2CD5898400127DB8 /* Elephant_Walk-3.png in Resources */ = {isa = PBXBuildFile; fileRef = 66FD3FA92CD5898400127DB8 /* Elephant_Walk-3.png */; };
		66FD40702CD5898400127DB8 /* Elephant_Walk-2.png in Resources */ = {isa = PBXBuildFile; fileRef = 66FD3FA82CD5898400127DB8 /* Elephant_Walk-2.png */; };
		66FD40712CD5898400127DB8 /* Lip_Walk-3.png in Resources */ = {isa = PBXBuildFile; fileRef = 66FD3FB52CD5898400127DB8 /* Lip_Walk-3.png */; };
		66FD40722CD5898400127DB8 /* Pea_Walk-2.png in Resources */ = {isa = PBXBuildFile; fileRef = 66FD3FC72CD5898400127DB8 /* Pea_Walk-2.png */; };
		66FD40732CD5898400127DB8 /* Can_Walk-2.png in Resources */ = {isa = PBXBuildFile; fileRef = 66FD3FA22CD5898400127DB8 /* Can_Walk-2.png */; };
		66FD40742CD5898400127DB8 /* Goo_Walk-2.png in Resources */ = {isa = PBXBuildFile; fileRef = 66FD3FAB2CD5898400127DB8 /* Goo_Walk-2.png */; };
		66FD40752CD5898400127DB8 /* Snake_Hop_Walk-2.png in Resources */ = {isa = PBXBuildFile; fileRef = 66FD3FD02CD5898400127DB8 /* Snake_Hop_Walk-2.png */; };
		66FD40762CD5898400127DB8 /* Bird_Walk-7.png in Resources */ = {isa = PBXBuildFile; fileRef = 66FD3F982CD5898400127DB8 /* Bird_Walk-7.png */; };
		66FD40772CD5898400127DB8 /* Horse_Walk-3.png in Resources */ = {isa = PBXBuildFile; fileRef = 66FD3FB12CD5898400127DB8 /* Horse_Walk-3.png */; };
		66FD40782CD5898400127DB8 /* Ouroboros_Walk-3.png in Resources */ = {isa = PBXBuildFile; fileRef = 66FD3FBB2CD5898400127DB8 /* Ouroboros_Walk-3.png */; };
		66FD407A2CD5898400127DB8 /* Apple_Walk-1.png in Resources */ = {isa = PBXBuildFile; fileRef = 66FD3F862CD5898400127DB8 /* Apple_Walk-1.png */; };
		66FD407B2CD5898400127DB8 /* Butterfly_Walk-2.png in Resources */ = {isa = PBXBuildFile; fileRef = 66FD3F9A2CD5898400127DB8 /* Butterfly_Walk-2.png */; };
		66FD407C2CD5898400127DB8 /* Paint_Walk-4.png in Resources */ = {isa = PBXBuildFile; fileRef = 66FD3FBF2CD5898400127DB8 /* Paint_Walk-4.png */; };
		66FD407D2CD5898400127DB8 /* Peanut_Walk-2.png in Resources */ = {isa = PBXBuildFile; fileRef = 66FD3FCA2CD5898400127DB8 /* Peanut_Walk-2.png */; };
		66FD407E2CD5898400127DB8 /* Lip_Walk-1.png in Resources */ = {isa = PBXBuildFile; fileRef = 66FD3FB32CD5898400127DB8 /* Lip_Walk-1.png */; };
		66FD407F2CD5898400127DB8 /* Bird_Walk-3.png in Resources */ = {isa = PBXBuildFile; fileRef = 66FD3F942CD5898400127DB8 /* Bird_Walk-3.png */; };
		66FD40802CD5898400127DB8 /* Ouroboros_Walk-1.png in Resources */ = {isa = PBXBuildFile; fileRef = 66FD3FB92CD5898400127DB8 /* Ouroboros_Walk-1.png */; };
		66FD40812CD5898400127DB8 /* Butterfly_Walk-5.png in Resources */ = {isa = PBXBuildFile; fileRef = 66FD3F9D2CD5898400127DB8 /* Butterfly_Walk-5.png */; };
		66FD40822CD5898400127DB8 /* Elephant_Walk-1.png in Resources */ = {isa = PBXBuildFile; fileRef = 66FD3FA72CD5898400127DB8 /* Elephant_Walk-1.png */; };
		66FD40832CD5898400127DB8 /* Cry_Walk-1.png in Resources */ = {isa = PBXBuildFile; fileRef = 66FD3FA42CD5898400127DB8 /* Cry_Walk-1.png */; };
		66FD40842CD5898400127DB8 /* Butterfly_Walk-3.png in Resources */ = {isa = PBXBuildFile; fileRef = 66FD3F9B2CD5898400127DB8 /* Butterfly_Walk-3.png */; };
		66FD40852CD5898400127DB8 /* Peanut_Walk-3.png in Resources */ = {isa = PBXBuildFile; fileRef = 66FD3FCB2CD5898400127DB8 /* Peanut_Walk-3.png */; };
		66FD40862CD5898400127DB8 /* Paper_Walk-1.png in Resources */ = {isa = PBXBuildFile; fileRef = 66FD3FC32CD5898400127DB8 /* Paper_Walk-1.png */; };
		66FD40872CD5898400127DB8 /* Roll_Walk-3.png in Resources */ = {isa = PBXBuildFile; fileRef = 66FD3FCE2CD5898400127DB8 /* Roll_Walk-3.png */; };
		66FD40882CD5898400127DB8 /* Balloon_Walk-1.png in Resources */ = {isa = PBXBuildFile; fileRef = 66FD3F892CD5898400127DB8 /* Balloon_Walk-1.png */; };
		66FD40892CD5898400127DB8 /* Butterfly_Walk-1.png in Resources */ = {isa = PBXBuildFile; fileRef = 66FD3F992CD5898400127DB8 /* Butterfly_Walk-1.png */; };
		66FD408A2CD5898400127DB8 /* Can_Walk-3.png in Resources */ = {isa = PBXBuildFile; fileRef = 66FD3FA32CD5898400127DB8 /* Can_Walk-3.png */; };
		66FD408B2CD5898400127DB8 /* Paint_Walk-3.png in Resources */ = {isa = PBXBuildFile; fileRef = 66FD3FBE2CD5898400127DB8 /* Paint_Walk-3.png */; };
		66FD408C2CD5898400127DB8 /* Snake_Walk-3.png in Resources */ = {isa = PBXBuildFile; fileRef = 66FD3FD62CD5898400127DB8 /* Snake_Walk-3.png */; };
		66FD408D2CD5898400127DB8 /* Roll_Walk-1.png in Resources */ = {isa = PBXBuildFile; fileRef = 66FD3FCC2CD5898400127DB8 /* Roll_Walk-1.png */; };
		66FD408E2CD5898400127DB8 /* Man_Walk-3.png in Resources */ = {isa = PBXBuildFile; fileRef = 66FD3FB82CD5898400127DB8 /* Man_Walk-3.png */; };
		66FD408F2CD5898400127DB8 /* Bat_Walk-1.png in Resources */ = {isa = PBXBuildFile; fileRef = 66FD3F8C2CD5898400127DB8 /* Bat_Walk-1.png */; };
		66FD40902CD5898400127DB8 /* Paper_Walk-3.png in Resources */ = {isa = PBXBuildFile; fileRef = 66FD3FC52CD5898400127DB8 /* Paper_Walk-3.png */; };
		66FD40912CD5898400127DB8 /* Sprout_Walk-4.png in Resources */ = {isa = PBXBuildFile; fileRef = 66FD3FDB2CD5898400127DB8 /* Sprout_Walk-4.png */; };
		66FD40922CD5898400127DB8 /* Sprout_Walk-8.png in Resources */ = {isa = PBXBuildFile; fileRef = 66FD3FDF2CD5898400127DB8 /* Sprout_Walk-8.png */; };
		66FD40932CD5898400127DB8 /* Lip_Walk-2.png in Resources */ = {isa = PBXBuildFile; fileRef = 66FD3FB42CD5898400127DB8 /* Lip_Walk-2.png */; };
		66FD40942CD5898400127DB8 /* Butterfly_Walk-7.png in Resources */ = {isa = PBXBuildFile; fileRef = 66FD3F9F2CD5898400127DB8 /* Butterfly_Walk-7.png */; };
		66FD40952CD5898400127DB8 /* Snake_Walk-1.png in Resources */ = {isa = PBXBuildFile; fileRef = 66FD3FD42CD5898400127DB8 /* Snake_Walk-1.png */; };
		66FD40962CD5898400127DB8 /* Bat_Walk-3.png in Resources */ = {isa = PBXBuildFile; fileRef = 66FD3F8E2CD5898400127DB8 /* Bat_Walk-3.png */; };
		66FD409A2CD5898C00127DB8 /* Umbrella_Walk-3.png in Resources */ = {isa = PBXBuildFile; fileRef = 66FD40992CD5898C00127DB8 /* Umbrella_Walk-3.png */; };
		66FD409B2CD5898C00127DB8 /* Umbrella_Walk-2.png in Resources */ = {isa = PBXBuildFile; fileRef = 66FD40982CD5898C00127DB8 /* Umbrella_Walk-2.png */; };
		66FD409C2CD5898C00127DB8 /* Umbrella_Walk-1.png in Resources */ = {isa = PBXBuildFile; fileRef = 66FD40972CD5898C00127DB8 /* Umbrella_Walk-1.png */; };
		66FD409D2CD5898C00127DB8 /* Umbrella_Walk-3.png in Resources */ = {isa = PBXBuildFile; fileRef = 66FD40992CD5898C00127DB8 /* Umbrella_Walk-3.png */; };
		66FD409E2CD5898C00127DB8 /* Umbrella_Walk-2.png in Resources */ = {isa = PBXBuildFile; fileRef = 66FD40982CD5898C00127DB8 /* Umbrella_Walk-2.png */; };
		66FD409F2CD5898C00127DB8 /* Umbrella_Walk-1.png in Resources */ = {isa = PBXBuildFile; fileRef = 66FD40972CD5898C00127DB8 /* Umbrella_Walk-1.png */; };
/* End PBXBuildFile section */

/* Begin PBXFileReference section */
		660C531A2BC2E23E00E0B910 /* thumbnail@2x.png */ = {isa = PBXFileReference; lastKnownFileType = image.png; path = "thumbnail@2x.png"; sourceTree = "<group>"; };
		660C531B2BC2E23E00E0B910 /* thumbnail.png */ = {isa = PBXFileReference; lastKnownFileType = image.png; path = thumbnail.png; sourceTree = "<group>"; };
		66302E992BC2E5F100A4523F /* Suerynn Saver.saver */ = {isa = PBXFileReference; explicitFileType = wrapper.cfbundle; includeInIndex = 0; path = "Suerynn Saver.saver"; sourceTree = BUILT_PRODUCTS_DIR; };
		66302E9A2BC2E5F100A4523F /* ScreensaverPreview.app */ = {isa = PBXFileReference; explicitFileType = wrapper.application; includeInIndex = 0; path = ScreensaverPreview.app; sourceTree = BUILT_PRODUCTS_DIR; };
		6683311E2A94466100442116 /* MainView.swift */ = {isa = PBXFileReference; fileEncoding = 4; lastKnownFileType = sourcecode.swift; path = MainView.swift; sourceTree = "<group>"; };
		66ABE6D02A96D63B007D79DB /* ContentView.swift */ = {isa = PBXFileReference; lastKnownFileType = sourcecode.swift; path = ContentView.swift; sourceTree = "<group>"; };
		66ABE6D22A96D63F007D79DB /* Assets.xcassets */ = {isa = PBXFileReference; lastKnownFileType = folder.assetcatalog; path = Assets.xcassets; sourceTree = "<group>"; };
		66ABE6D72A96D63F007D79DB /* ScreensaverPreview.entitlements */ = {isa = PBXFileReference; lastKnownFileType = text.plist.entitlements; path = ScreensaverPreview.entitlements; sourceTree = "<group>"; };
		66D468502A942ADE0073C731 /* ScreenSaver.framework */ = {isa = PBXFileReference; lastKnownFileType = wrapper.framework; name = ScreenSaver.framework; path = System/Library/Frameworks/ScreenSaver.framework; sourceTree = SDKROOT; };
		66FD3F862CD5898400127DB8 /* Apple_Walk-1.png */ = {isa = PBXFileReference; lastKnownFileType = image.png; path = "Apple_Walk-1.png"; sourceTree = "<group>"; };
		66FD3F872CD5898400127DB8 /* Apple_Walk-2.png */ = {isa = PBXFileReference; lastKnownFileType = image.png; path = "Apple_Walk-2.png"; sourceTree = "<group>"; };
		66FD3F882CD5898400127DB8 /* Apple_Walk-3.png */ = {isa = PBXFileReference; lastKnownFileType = image.png; path = "Apple_Walk-3.png"; sourceTree = "<group>"; };
		66FD3F892CD5898400127DB8 /* Balloon_Walk-1.png */ = {isa = PBXFileReference; lastKnownFileType = image.png; path = "Balloon_Walk-1.png"; sourceTree = "<group>"; };
		66FD3F8A2CD5898400127DB8 /* Balloon_Walk-2.png */ = {isa = PBXFileReference; lastKnownFileType = image.png; path = "Balloon_Walk-2.png"; sourceTree = "<group>"; };
		66FD3F8B2CD5898400127DB8 /* Balloon_Walk-3.png */ = {isa = PBXFileReference; lastKnownFileType = image.png; path = "Balloon_Walk-3.png"; sourceTree = "<group>"; };
		66FD3F8C2CD5898400127DB8 /* Bat_Walk-1.png */ = {isa = PBXFileReference; lastKnownFileType = image.png; path = "Bat_Walk-1.png"; sourceTree = "<group>"; };
		66FD3F8D2CD5898400127DB8 /* Bat_Walk-2.png */ = {isa = PBXFileReference; lastKnownFileType = image.png; path = "Bat_Walk-2.png"; sourceTree = "<group>"; };
		66FD3F8E2CD5898400127DB8 /* Bat_Walk-3.png */ = {isa = PBXFileReference; lastKnownFileType = image.png; path = "Bat_Walk-3.png"; sourceTree = "<group>"; };
		66FD3F8F2CD5898400127DB8 /* Bat_Walk-4.png */ = {isa = PBXFileReference; lastKnownFileType = image.png; path = "Bat_Walk-4.png"; sourceTree = "<group>"; };
		66FD3F902CD5898400127DB8 /* Bat_Walk-5.png */ = {isa = PBXFileReference; lastKnownFileType = image.png; path = "Bat_Walk-5.png"; sourceTree = "<group>"; };
		66FD3F912CD5898400127DB8 /* Bat_Walk-6.png */ = {isa = PBXFileReference; lastKnownFileType = image.png; path = "Bat_Walk-6.png"; sourceTree = "<group>"; };
		66FD3F922CD5898400127DB8 /* Bird_Walk-1.png */ = {isa = PBXFileReference; lastKnownFileType = image.png; path = "Bird_Walk-1.png"; sourceTree = "<group>"; };
		66FD3F932CD5898400127DB8 /* Bird_Walk-2.png */ = {isa = PBXFileReference; lastKnownFileType = image.png; path = "Bird_Walk-2.png"; sourceTree = "<group>"; };
		66FD3F942CD5898400127DB8 /* Bird_Walk-3.png */ = {isa = PBXFileReference; lastKnownFileType = image.png; path = "Bird_Walk-3.png"; sourceTree = "<group>"; };
		66FD3F952CD5898400127DB8 /* Bird_Walk-4.png */ = {isa = PBXFileReference; lastKnownFileType = image.png; path = "Bird_Walk-4.png"; sourceTree = "<group>"; };
		66FD3F962CD5898400127DB8 /* Bird_Walk-5.png */ = {isa = PBXFileReference; lastKnownFileType = image.png; path = "Bird_Walk-5.png"; sourceTree = "<group>"; };
		66FD3F972CD5898400127DB8 /* Bird_Walk-6.png */ = {isa = PBXFileReference; lastKnownFileType = image.png; path = "Bird_Walk-6.png"; sourceTree = "<group>"; };
		66FD3F982CD5898400127DB8 /* Bird_Walk-7.png */ = {isa = PBXFileReference; lastKnownFileType = image.png; path = "Bird_Walk-7.png"; sourceTree = "<group>"; };
		66FD3F992CD5898400127DB8 /* Butterfly_Walk-1.png */ = {isa = PBXFileReference; lastKnownFileType = image.png; path = "Butterfly_Walk-1.png"; sourceTree = "<group>"; };
		66FD3F9A2CD5898400127DB8 /* Butterfly_Walk-2.png */ = {isa = PBXFileReference; lastKnownFileType = image.png; path = "Butterfly_Walk-2.png"; sourceTree = "<group>"; };
		66FD3F9B2CD5898400127DB8 /* Butterfly_Walk-3.png */ = {isa = PBXFileReference; lastKnownFileType = image.png; path = "Butterfly_Walk-3.png"; sourceTree = "<group>"; };
		66FD3F9C2CD5898400127DB8 /* Butterfly_Walk-4.png */ = {isa = PBXFileReference; lastKnownFileType = image.png; path = "Butterfly_Walk-4.png"; sourceTree = "<group>"; };
		66FD3F9D2CD5898400127DB8 /* Butterfly_Walk-5.png */ = {isa = PBXFileReference; lastKnownFileType = image.png; path = "Butterfly_Walk-5.png"; sourceTree = "<group>"; };
		66FD3F9E2CD5898400127DB8 /* Butterfly_Walk-6.png */ = {isa = PBXFileReference; lastKnownFileType = image.png; path = "Butterfly_Walk-6.png"; sourceTree = "<group>"; };
		66FD3F9F2CD5898400127DB8 /* Butterfly_Walk-7.png */ = {isa = PBXFileReference; lastKnownFileType = image.png; path = "Butterfly_Walk-7.png"; sourceTree = "<group>"; };
		66FD3FA02CD5898400127DB8 /* Butterfly_Walk-8.png */ = {isa = PBXFileReference; lastKnownFileType = image.png; path = "Butterfly_Walk-8.png"; sourceTree = "<group>"; };
		66FD3FA12CD5898400127DB8 /* Can_Walk-1.png */ = {isa = PBXFileReference; lastKnownFileType = image.png; path = "Can_Walk-1.png"; sourceTree = "<group>"; };
		66FD3FA22CD5898400127DB8 /* Can_Walk-2.png */ = {isa = PBXFileReference; lastKnownFileType = image.png; path = "Can_Walk-2.png"; sourceTree = "<group>"; };
		66FD3FA32CD5898400127DB8 /* Can_Walk-3.png */ = {isa = PBXFileReference; lastKnownFileType = image.png; path = "Can_Walk-3.png"; sourceTree = "<group>"; };
		66FD3FA42CD5898400127DB8 /* Cry_Walk-1.png */ = {isa = PBXFileReference; lastKnownFileType = image.png; path = "Cry_Walk-1.png"; sourceTree = "<group>"; };
		66FD3FA52CD5898400127DB8 /* Cry_Walk-2.png */ = {isa = PBXFileReference; lastKnownFileType = image.png; path = "Cry_Walk-2.png"; sourceTree = "<group>"; };
		66FD3FA62CD5898400127DB8 /* Cry_Walk-3.png */ = {isa = PBXFileReference; lastKnownFileType = image.png; path = "Cry_Walk-3.png"; sourceTree = "<group>"; };
		66FD3FA72CD5898400127DB8 /* Elephant_Walk-1.png */ = {isa = PBXFileReference; lastKnownFileType = image.png; path = "Elephant_Walk-1.png"; sourceTree = "<group>"; };
		66FD3FA82CD5898400127DB8 /* Elephant_Walk-2.png */ = {isa = PBXFileReference; lastKnownFileType = image.png; path = "Elephant_Walk-2.png"; sourceTree = "<group>"; };
		66FD3FA92CD5898400127DB8 /* Elephant_Walk-3.png */ = {isa = PBXFileReference; lastKnownFileType = image.png; path = "Elephant_Walk-3.png"; sourceTree = "<group>"; };
		66FD3FAA2CD5898400127DB8 /* Goo_Walk-1.png */ = {isa = PBXFileReference; lastKnownFileType = image.png; path = "Goo_Walk-1.png"; sourceTree = "<group>"; };
		66FD3FAB2CD5898400127DB8 /* Goo_Walk-2.png */ = {isa = PBXFileReference; lastKnownFileType = image.png; path = "Goo_Walk-2.png"; sourceTree = "<group>"; };
		66FD3FAC2CD5898400127DB8 /* Goo_Walk-3.png */ = {isa = PBXFileReference; lastKnownFileType = image.png; path = "Goo_Walk-3.png"; sourceTree = "<group>"; };
		66FD3FAD2CD5898400127DB8 /* Horse_Walk-1.png */ = {isa = PBXFileReference; lastKnownFileType = image.png; path = "Horse_Walk-1.png"; sourceTree = "<group>"; };
		66FD3FAF2CD5898400127DB8 /* Horse_Walk-2.png */ = {isa = PBXFileReference; lastKnownFileType = image.png; path = "Horse_Walk-2.png"; sourceTree = "<group>"; };
		66FD3FB12CD5898400127DB8 /* Horse_Walk-3.png */ = {isa = PBXFileReference; lastKnownFileType = image.png; path = "Horse_Walk-3.png"; sourceTree = "<group>"; };
		66FD3FB32CD5898400127DB8 /* Lip_Walk-1.png */ = {isa = PBXFileReference; lastKnownFileType = image.png; path = "Lip_Walk-1.png"; sourceTree = "<group>"; };
		66FD3FB42CD5898400127DB8 /* Lip_Walk-2.png */ = {isa = PBXFileReference; lastKnownFileType = image.png; path = "Lip_Walk-2.png"; sourceTree = "<group>"; };
		66FD3FB52CD5898400127DB8 /* Lip_Walk-3.png */ = {isa = PBXFileReference; lastKnownFileType = image.png; path = "Lip_Walk-3.png"; sourceTree = "<group>"; };
		66FD3FB62CD5898400127DB8 /* Man_Walk-1.png */ = {isa = PBXFileReference; lastKnownFileType = image.png; path = "Man_Walk-1.png"; sourceTree = "<group>"; };
		66FD3FB72CD5898400127DB8 /* Man_Walk-2.png */ = {isa = PBXFileReference; lastKnownFileType = image.png; path = "Man_Walk-2.png"; sourceTree = "<group>"; };
		66FD3FB82CD5898400127DB8 /* Man_Walk-3.png */ = {isa = PBXFileReference; lastKnownFileType = image.png; path = "Man_Walk-3.png"; sourceTree = "<group>"; };
		66FD3FB92CD5898400127DB8 /* Ouroboros_Walk-1.png */ = {isa = PBXFileReference; lastKnownFileType = image.png; path = "Ouroboros_Walk-1.png"; sourceTree = "<group>"; };
		66FD3FBA2CD5898400127DB8 /* Ouroboros_Walk-2.png */ = {isa = PBXFileReference; lastKnownFileType = image.png; path = "Ouroboros_Walk-2.png"; sourceTree = "<group>"; };
		66FD3FBB2CD5898400127DB8 /* Ouroboros_Walk-3.png */ = {isa = PBXFileReference; lastKnownFileType = image.png; path = "Ouroboros_Walk-3.png"; sourceTree = "<group>"; };
		66FD3FBC2CD5898400127DB8 /* Paint_Walk-1.png */ = {isa = PBXFileReference; lastKnownFileType = image.png; path = "Paint_Walk-1.png"; sourceTree = "<group>"; };
		66FD3FBD2CD5898400127DB8 /* Paint_Walk-2.png */ = {isa = PBXFileReference; lastKnownFileType = image.png; path = "Paint_Walk-2.png"; sourceTree = "<group>"; };
		66FD3FBE2CD5898400127DB8 /* Paint_Walk-3.png */ = {isa = PBXFileReference; lastKnownFileType = image.png; path = "Paint_Walk-3.png"; sourceTree = "<group>"; };
		66FD3FBF2CD5898400127DB8 /* Paint_Walk-4.png */ = {isa = PBXFileReference; lastKnownFileType = image.png; path = "Paint_Walk-4.png"; sourceTree = "<group>"; };
		66FD3FC02CD5898400127DB8 /* Pant_Walk-1.png */ = {isa = PBXFileReference; lastKnownFileType = image.png; path = "Pant_Walk-1.png"; sourceTree = "<group>"; };
		66FD3FC12CD5898400127DB8 /* Pant_Walk-2.png */ = {isa = PBXFileReference; lastKnownFileType = image.png; path = "Pant_Walk-2.png"; sourceTree = "<group>"; };
		66FD3FC22CD5898400127DB8 /* Pant_Walk-3.png */ = {isa = PBXFileReference; lastKnownFileType = image.png; path = "Pant_Walk-3.png"; sourceTree = "<group>"; };
		66FD3FC32CD5898400127DB8 /* Paper_Walk-1.png */ = {isa = PBXFileReference; lastKnownFileType = image.png; path = "Paper_Walk-1.png"; sourceTree = "<group>"; };
		66FD3FC42CD5898400127DB8 /* Paper_Walk-2.png */ = {isa = PBXFileReference; lastKnownFileType = image.png; path = "Paper_Walk-2.png"; sourceTree = "<group>"; };
		66FD3FC52CD5898400127DB8 /* Paper_Walk-3.png */ = {isa = PBXFileReference; lastKnownFileType = image.png; path = "Paper_Walk-3.png"; sourceTree = "<group>"; };
		66FD3FC62CD5898400127DB8 /* Pea_Walk-1.png */ = {isa = PBXFileReference; lastKnownFileType = image.png; path = "Pea_Walk-1.png"; sourceTree = "<group>"; };
		66FD3FC72CD5898400127DB8 /* Pea_Walk-2.png */ = {isa = PBXFileReference; lastKnownFileType = image.png; path = "Pea_Walk-2.png"; sourceTree = "<group>"; };
		66FD3FC82CD5898400127DB8 /* Pea_Walk-3.png */ = {isa = PBXFileReference; lastKnownFileType = image.png; path = "Pea_Walk-3.png"; sourceTree = "<group>"; };
		66FD3FC92CD5898400127DB8 /* Peanut_Walk-1.png */ = {isa = PBXFileReference; lastKnownFileType = image.png; path = "Peanut_Walk-1.png"; sourceTree = "<group>"; };
		66FD3FCA2CD5898400127DB8 /* Peanut_Walk-2.png */ = {isa = PBXFileReference; lastKnownFileType = image.png; path = "Peanut_Walk-2.png"; sourceTree = "<group>"; };
		66FD3FCB2CD5898400127DB8 /* Peanut_Walk-3.png */ = {isa = PBXFileReference; lastKnownFileType = image.png; path = "Peanut_Walk-3.png"; sourceTree = "<group>"; };
		66FD3FCC2CD5898400127DB8 /* Roll_Walk-1.png */ = {isa = PBXFileReference; lastKnownFileType = image.png; path = "Roll_Walk-1.png"; sourceTree = "<group>"; };
		66FD3FCD2CD5898400127DB8 /* Roll_Walk-2.png */ = {isa = PBXFileReference; lastKnownFileType = image.png; path = "Roll_Walk-2.png"; sourceTree = "<group>"; };
		66FD3FCE2CD5898400127DB8 /* Roll_Walk-3.png */ = {isa = PBXFileReference; lastKnownFileType = image.png; path = "Roll_Walk-3.png"; sourceTree = "<group>"; };
		66FD3FCF2CD5898400127DB8 /* Snake_Hop_Walk-1.png */ = {isa = PBXFileReference; lastKnownFileType = image.png; path = "Snake_Hop_Walk-1.png"; sourceTree = "<group>"; };
		66FD3FD02CD5898400127DB8 /* Snake_Hop_Walk-2.png */ = {isa = PBXFileReference; lastKnownFileType = image.png; path = "Snake_Hop_Walk-2.png"; sourceTree = "<group>"; };
		66FD3FD12CD5898400127DB8 /* Snake_Hop_Walk-3.png */ = {isa = PBXFileReference; lastKnownFileType = image.png; path = "Snake_Hop_Walk-3.png"; sourceTree = "<group>"; };
		66FD3FD22CD5898400127DB8 /* Snake_Hop_Walk-4.png */ = {isa = PBXFileReference; lastKnownFileType = image.png; path = "Snake_Hop_Walk-4.png"; sourceTree = "<group>"; };
		66FD3FD32CD5898400127DB8 /* Snake_Hop_Walk-5.png */ = {isa = PBXFileReference; lastKnownFileType = image.png; path = "Snake_Hop_Walk-5.png"; sourceTree = "<group>"; };
		66FD3FD42CD5898400127DB8 /* Snake_Walk-1.png */ = {isa = PBXFileReference; lastKnownFileType = image.png; path = "Snake_Walk-1.png"; sourceTree = "<group>"; };
		66FD3FD52CD5898400127DB8 /* Snake_Walk-2.png */ = {isa = PBXFileReference; lastKnownFileType = image.png; path = "Snake_Walk-2.png"; sourceTree = "<group>"; };
		66FD3FD62CD5898400127DB8 /* Snake_Walk-3.png */ = {isa = PBXFileReference; lastKnownFileType = image.png; path = "Snake_Walk-3.png"; sourceTree = "<group>"; };
		66FD3FD72CD5898400127DB8 /* Snake_Walk-4.png */ = {isa = PBXFileReference; lastKnownFileType = image.png; path = "Snake_Walk-4.png"; sourceTree = "<group>"; };
		66FD3FD82CD5898400127DB8 /* Sprout_Walk-1.png */ = {isa = PBXFileReference; lastKnownFileType = image.png; path = "Sprout_Walk-1.png"; sourceTree = "<group>"; };
		66FD3FD92CD5898400127DB8 /* Sprout_Walk-2.png */ = {isa = PBXFileReference; lastKnownFileType = image.png; path = "Sprout_Walk-2.png"; sourceTree = "<group>"; };
		66FD3FDA2CD5898400127DB8 /* Sprout_Walk-3.png */ = {isa = PBXFileReference; lastKnownFileType = image.png; path = "Sprout_Walk-3.png"; sourceTree = "<group>"; };
		66FD3FDB2CD5898400127DB8 /* Sprout_Walk-4.png */ = {isa = PBXFileReference; lastKnownFileType = image.png; path = "Sprout_Walk-4.png"; sourceTree = "<group>"; };
		66FD3FDC2CD5898400127DB8 /* Sprout_Walk-5.png */ = {isa = PBXFileReference; lastKnownFileType = image.png; path = "Sprout_Walk-5.png"; sourceTree = "<group>"; };
		66FD3FDD2CD5898400127DB8 /* Sprout_Walk-6.png */ = {isa = PBXFileReference; lastKnownFileType = image.png; path = "Sprout_Walk-6.png"; sourceTree = "<group>"; };
		66FD3FDE2CD5898400127DB8 /* Sprout_Walk-7.png */ = {isa = PBXFileReference; lastKnownFileType = image.png; path = "Sprout_Walk-7.png"; sourceTree = "<group>"; };
		66FD3FDF2CD5898400127DB8 /* Sprout_Walk-8.png */ = {isa = PBXFileReference; lastKnownFileType = image.png; path = "Sprout_Walk-8.png"; sourceTree = "<group>"; };
		66FD3FE02CD5898400127DB8 /* Sprout_Walk-9.png */ = {isa = PBXFileReference; lastKnownFileType = image.png; path = "Sprout_Walk-9.png"; sourceTree = "<group>"; };
		66FD40972CD5898C00127DB8 /* Umbrella_Walk-1.png */ = {isa = PBXFileReference; lastKnownFileType = image.png; path = "Umbrella_Walk-1.png"; sourceTree = "<group>"; };
		66FD40982CD5898C00127DB8 /* Umbrella_Walk-2.png */ = {isa = PBXFileReference; lastKnownFileType = image.png; path = "Umbrella_Walk-2.png"; sourceTree = "<group>"; };
		66FD40992CD5898C00127DB8 /* Umbrella_Walk-3.png */ = {isa = PBXFileReference; lastKnownFileType = image.png; path = "Umbrella_Walk-3.png"; sourceTree = "<group>"; };
/* End PBXFileReference section */

/* Begin PBXFrameworksBuildPhase section */
		66ABE6C92A96D63B007D79DB /* Frameworks */ = {
			isa = PBXFrameworksBuildPhase;
			buildActionMask = 2147483647;
			files = (
				66ABE6F82A96D6E7007D79DB /* ScreenSaver.framework in Frameworks */,
			);
			runOnlyForDeploymentPostprocessing = 0;
		};
		66D4683A2A9427E30073C731 /* Frameworks */ = {
			isa = PBXFrameworksBuildPhase;
			buildActionMask = 2147483647;
			files = (
				664C730C2BC2FC69008AA699 /* ScreenSaver.framework in Frameworks */,
			);
			runOnlyForDeploymentPostprocessing = 0;
		};
/* End PBXFrameworksBuildPhase section */

/* Begin PBXGroup section */
		66876EA52CD1CF47009B71E0 /* ScreensaverPreview */ = {
			isa = PBXGroup;
			children = (
				66ABE6D02A96D63B007D79DB /* ContentView.swift */,
				66ABE6D72A96D63F007D79DB /* ScreensaverPreview.entitlements */,
			);
			path = ScreensaverPreview;
			sourceTree = "<group>";
		};
		66C075EB2AA2C09300707A7D /* Resources */ = {
			isa = PBXGroup;
			children = (
				66FD40972CD5898C00127DB8 /* Umbrella_Walk-1.png */,
				66FD40982CD5898C00127DB8 /* Umbrella_Walk-2.png */,
				66FD40992CD5898C00127DB8 /* Umbrella_Walk-3.png */,
				66FD3F862CD5898400127DB8 /* Apple_Walk-1.png */,
				66FD3F872CD5898400127DB8 /* Apple_Walk-2.png */,
				66FD3F882CD5898400127DB8 /* Apple_Walk-3.png */,
				66FD3F892CD5898400127DB8 /* Balloon_Walk-1.png */,
				66FD3F8A2CD5898400127DB8 /* Balloon_Walk-2.png */,
				66FD3F8B2CD5898400127DB8 /* Balloon_Walk-3.png */,
				66FD3F8C2CD5898400127DB8 /* Bat_Walk-1.png */,
				66FD3F8D2CD5898400127DB8 /* Bat_Walk-2.png */,
				66FD3F8E2CD5898400127DB8 /* Bat_Walk-3.png */,
				66FD3F8F2CD5898400127DB8 /* Bat_Walk-4.png */,
				66FD3F902CD5898400127DB8 /* Bat_Walk-5.png */,
				66FD3F912CD5898400127DB8 /* Bat_Walk-6.png */,
				66FD3F922CD5898400127DB8 /* Bird_Walk-1.png */,
				66FD3F932CD5898400127DB8 /* Bird_Walk-2.png */,
				66FD3F942CD5898400127DB8 /* Bird_Walk-3.png */,
				66FD3F952CD5898400127DB8 /* Bird_Walk-4.png */,
				66FD3F962CD5898400127DB8 /* Bird_Walk-5.png */,
				66FD3F972CD5898400127DB8 /* Bird_Walk-6.png */,
				66FD3F982CD5898400127DB8 /* Bird_Walk-7.png */,
				66FD3F992CD5898400127DB8 /* Butterfly_Walk-1.png */,
				66FD3F9A2CD5898400127DB8 /* Butterfly_Walk-2.png */,
				66FD3F9B2CD5898400127DB8 /* Butterfly_Walk-3.png */,
				66FD3F9C2CD5898400127DB8 /* Butterfly_Walk-4.png */,
				66FD3F9D2CD5898400127DB8 /* Butterfly_Walk-5.png */,
				66FD3F9E2CD5898400127DB8 /* Butterfly_Walk-6.png */,
				66FD3F9F2CD5898400127DB8 /* Butterfly_Walk-7.png */,
				66FD3FA02CD5898400127DB8 /* Butterfly_Walk-8.png */,
				66FD3FA12CD5898400127DB8 /* Can_Walk-1.png */,
				66FD3FA22CD5898400127DB8 /* Can_Walk-2.png */,
				66FD3FA32CD5898400127DB8 /* Can_Walk-3.png */,
				66FD3FA42CD5898400127DB8 /* Cry_Walk-1.png */,
				66FD3FA52CD5898400127DB8 /* Cry_Walk-2.png */,
				66FD3FA62CD5898400127DB8 /* Cry_Walk-3.png */,
				66FD3FA72CD5898400127DB8 /* Elephant_Walk-1.png */,
				66FD3FA82CD5898400127DB8 /* Elephant_Walk-2.png */,
				66FD3FA92CD5898400127DB8 /* Elephant_Walk-3.png */,
				66FD3FAA2CD5898400127DB8 /* Goo_Walk-1.png */,
				66FD3FAB2CD5898400127DB8 /* Goo_Walk-2.png */,
				66FD3FAC2CD5898400127DB8 /* Goo_Walk-3.png */,
				66FD3FAD2CD5898400127DB8 /* Horse_Walk-1.png */,
				66FD3FAF2CD5898400127DB8 /* Horse_Walk-2.png */,
				66FD3FB12CD5898400127DB8 /* Horse_Walk-3.png */,
				66FD3FB32CD5898400127DB8 /* Lip_Walk-1.png */,
				66FD3FB42CD5898400127DB8 /* Lip_Walk-2.png */,
				66FD3FB52CD5898400127DB8 /* Lip_Walk-3.png */,
				66FD3FB62CD5898400127DB8 /* Man_Walk-1.png */,
				66FD3FB72CD5898400127DB8 /* Man_Walk-2.png */,
				66FD3FB82CD5898400127DB8 /* Man_Walk-3.png */,
				66FD3FB92CD5898400127DB8 /* Ouroboros_Walk-1.png */,
				66FD3FBA2CD5898400127DB8 /* Ouroboros_Walk-2.png */,
				66FD3FBB2CD5898400127DB8 /* Ouroboros_Walk-3.png */,
				66FD3FBC2CD5898400127DB8 /* Paint_Walk-1.png */,
				66FD3FBD2CD5898400127DB8 /* Paint_Walk-2.png */,
				66FD3FBE2CD5898400127DB8 /* Paint_Walk-3.png */,
				66FD3FBF2CD5898400127DB8 /* Paint_Walk-4.png */,
				66FD3FC02CD5898400127DB8 /* Pant_Walk-1.png */,
				66FD3FC12CD5898400127DB8 /* Pant_Walk-2.png */,
				66FD3FC22CD5898400127DB8 /* Pant_Walk-3.png */,
				66FD3FC32CD5898400127DB8 /* Paper_Walk-1.png */,
				66FD3FC42CD5898400127DB8 /* Paper_Walk-2.png */,
				66FD3FC52CD5898400127DB8 /* Paper_Walk-3.png */,
				66FD3FC62CD5898400127DB8 /* Pea_Walk-1.png */,
				66FD3FC72CD5898400127DB8 /* Pea_Walk-2.png */,
				66FD3FC82CD5898400127DB8 /* Pea_Walk-3.png */,
				66FD3FC92CD5898400127DB8 /* Peanut_Walk-1.png */,
				66FD3FCA2CD5898400127DB8 /* Peanut_Walk-2.png */,
				66FD3FCB2CD5898400127DB8 /* Peanut_Walk-3.png */,
				66FD3FCC2CD5898400127DB8 /* Roll_Walk-1.png */,
				66FD3FCD2CD5898400127DB8 /* Roll_Walk-2.png */,
				66FD3FCE2CD5898400127DB8 /* Roll_Walk-3.png */,
				66FD3FCF2CD5898400127DB8 /* Snake_Hop_Walk-1.png */,
				66FD3FD02CD5898400127DB8 /* Snake_Hop_Walk-2.png */,
				66FD3FD12CD5898400127DB8 /* Snake_Hop_Walk-3.png */,
				66FD3FD22CD5898400127DB8 /* Snake_Hop_Walk-4.png */,
				66FD3FD32CD5898400127DB8 /* Snake_Hop_Walk-5.png */,
				66FD3FD42CD5898400127DB8 /* Snake_Walk-1.png */,
				66FD3FD52CD5898400127DB8 /* Snake_Walk-2.png */,
				66FD3FD62CD5898400127DB8 /* Snake_Walk-3.png */,
				66FD3FD72CD5898400127DB8 /* Snake_Walk-4.png */,
				66FD3FD82CD5898400127DB8 /* Sprout_Walk-1.png */,
				66FD3FD92CD5898400127DB8 /* Sprout_Walk-2.png */,
				66FD3FDA2CD5898400127DB8 /* Sprout_Walk-3.png */,
				66FD3FDB2CD5898400127DB8 /* Sprout_Walk-4.png */,
				66FD3FDC2CD5898400127DB8 /* Sprout_Walk-5.png */,
				66FD3FDD2CD5898400127DB8 /* Sprout_Walk-6.png */,
				66FD3FDE2CD5898400127DB8 /* Sprout_Walk-7.png */,
				66FD3FDF2CD5898400127DB8 /* Sprout_Walk-8.png */,
				66FD3FE02CD5898400127DB8 /* Sprout_Walk-9.png */,
				660C531B2BC2E23E00E0B910 /* thumbnail.png */,
				660C531A2BC2E23E00E0B910 /* thumbnail@2x.png */,
			);
			path = Resources;
			sourceTree = "<group>";
		};
		66C2FD382BC1F41D00B73D89 /* suerynnsaver */ = {
			isa = PBXGroup;
			children = (
				66ABE6D22A96D63F007D79DB /* Assets.xcassets */,
				6683311E2A94466100442116 /* MainView.swift */,
			);
			path = suerynnsaver;
			sourceTree = "<group>";
		};
		66D468332A9427E30073C731 = {
			isa = PBXGroup;
			children = (
				66876EA52CD1CF47009B71E0 /* ScreensaverPreview */,
				66C2FD382BC1F41D00B73D89 /* suerynnsaver */,
				66C075EB2AA2C09300707A7D /* Resources */,
				66D4684F2A942ADE0073C731 /* Libraries */,
				66302E992BC2E5F100A4523F /* Suerynn Saver.saver */,
				66302E9A2BC2E5F100A4523F /* ScreensaverPreview.app */,
			);
			sourceTree = "<group>";
		};
		66D4684F2A942ADE0073C731 /* Libraries */ = {
			isa = PBXGroup;
			children = (
				66D468502A942ADE0073C731 /* ScreenSaver.framework */,
			);
			name = Libraries;
			sourceTree = "<group>";
		};
/* End PBXGroup section */

/* Begin PBXHeadersBuildPhase section */
		66D468382A9427E30073C731 /* Headers */ = {
			isa = PBXHeadersBuildPhase;
			buildActionMask = 2147483647;
			files = (
			);
			runOnlyForDeploymentPostprocessing = 0;
		};
/* End PBXHeadersBuildPhase section */

/* Begin PBXNativeTarget section */
		66ABE6CB2A96D63B007D79DB /* ScreensaverPreview */ = {
			isa = PBXNativeTarget;
			buildConfigurationList = 66ABE6F42A96D640007D79DB /* Build configuration list for PBXNativeTarget "ScreensaverPreview" */;
			buildPhases = (
				66ABE6C82A96D63B007D79DB /* Sources */,
				66ABE6C92A96D63B007D79DB /* Frameworks */,
				66ABE6CA2A96D63B007D79DB /* Resources */,
			);
			buildRules = (
			);
			dependencies = (
			);
			name = ScreensaverPreview;
			productName = ScreensaverPreview;
			productReference = 66302E9A2BC2E5F100A4523F /* ScreensaverPreview.app */;
			productType = "com.apple.product-type.application";
		};
		66D4683C2A9427E30073C731 /* Suerynn Saver */ = {
			isa = PBXNativeTarget;
			buildConfigurationList = 66D468462A9427E30073C731 /* Build configuration list for PBXNativeTarget "Suerynn Saver" */;
			buildPhases = (
				66D468382A9427E30073C731 /* Headers */,
				66D468392A9427E30073C731 /* Sources */,
				66D4683A2A9427E30073C731 /* Frameworks */,
				66D4683B2A9427E30073C731 /* Resources */,
			);
			buildRules = (
			);
			dependencies = (
			);
			name = "Suerynn Saver";
			productName = "Suerynn Saver";
			productReference = 66302E992BC2E5F100A4523F /* Suerynn Saver.saver */;
			productType = "com.apple.product-type.bundle";
		};
/* End PBXNativeTarget section */

/* Begin PBXProject section */
		66D468342A9427E30073C731 /* Project object */ = {
			isa = PBXProject;
			attributes = {
				BuildIndependentTargetsInParallel = 1;
				LastSwiftUpdateCheck = 1500;
				LastUpgradeCheck = 1600;
				TargetAttributes = {
					66ABE6CB2A96D63B007D79DB = {
						CreatedOnToolsVersion = 15.0;
					};
					66D4683C2A9427E30073C731 = {
						CreatedOnToolsVersion = 15.0;
						LastSwiftMigration = 1500;
					};
				};
			};
			buildConfigurationList = 66D468372A9427E30073C731 /* Build configuration list for PBXProject "Suerynn Saver" */;
			compatibilityVersion = "Xcode 14.0";
			developmentRegion = en;
			hasScannedForEncodings = 0;
			knownRegions = (
				en,
				Base,
			);
			mainGroup = 66D468332A9427E30073C731;
			productRefGroup = 66D468332A9427E30073C731;
			projectDirPath = "";
			projectRoot = "";
			targets = (
				66D4683C2A9427E30073C731 /* Suerynn Saver */,
				66ABE6CB2A96D63B007D79DB /* ScreensaverPreview */,
			);
		};
/* End PBXProject section */

/* Begin PBXResourcesBuildPhase section */
		66ABE6CA2A96D63B007D79DB /* Resources */ = {
			isa = PBXResourcesBuildPhase;
			buildActionMask = 2147483647;
			files = (
				66FD3FE12CD5898400127DB8 /* Man_Walk-1.png in Resources */,
				66FD3FE32CD5898400127DB8 /* Snake_Hop_Walk-1.png in Resources */,
				66FD3FE42CD5898400127DB8 /* Paint_Walk-1.png in Resources */,
				66FD3FE52CD5898400127DB8 /* Bat_Walk-4.png in Resources */,
				66FD3FE62CD5898400127DB8 /* Bird_Walk-6.png in Resources */,
				66FD3FE82CD5898400127DB8 /* Snake_Hop_Walk-3.png in Resources */,
				66FD3FE92CD5898400127DB8 /* Can_Walk-1.png in Resources */,
				66FD3FEA2CD5898400127DB8 /* Peanut_Walk-1.png in Resources */,
				66FD3FEB2CD5898400127DB8 /* Snake_Hop_Walk-4.png in Resources */,
				66FD3FEC2CD5898400127DB8 /* Sprout_Walk-2.png in Resources */,
				66FD3FED2CD5898400127DB8 /* Pant_Walk-2.png in Resources */,
				66FD3FEE2CD5898400127DB8 /* Pea_Walk-3.png in Resources */,
				66FD3FEF2CD5898400127DB8 /* Sprout_Walk-7.png in Resources */,
				66FD3FF02CD5898400127DB8 /* Ouroboros_Walk-2.png in Resources */,
				66FD3FF12CD5898400127DB8 /* Cry_Walk-2.png in Resources */,
				66FD3FF22CD5898400127DB8 /* Bat_Walk-5.png in Resources */,
				66FD3FF32CD5898400127DB8 /* Roll_Walk-2.png in Resources */,
				66FD3FF42CD5898400127DB8 /* Butterfly_Walk-8.png in Resources */,
				66FD3FF52CD5898400127DB8 /* Bird_Walk-2.png in Resources */,
				66FD3FF62CD5898400127DB8 /* Butterfly_Walk-4.png in Resources */,
				66FD3FF72CD5898400127DB8 /* Pea_Walk-1.png in Resources */,
				66FD3FF82CD5898400127DB8 /* Apple_Walk-2.png in Resources */,
				66FD3FF92CD5898400127DB8 /* Balloon_Walk-2.png in Resources */,
				66FD3FFA2CD5898400127DB8 /* Bird_Walk-1.png in Resources */,
				66FD3FFB2CD5898400127DB8 /* Butterfly_Walk-6.png in Resources */,
				66FD3FFC2CD5898400127DB8 /* Pant_Walk-3.png in Resources */,
				66FD3FFD2CD5898400127DB8 /* Snake_Walk-2.png in Resources */,
				66FD3FFE2CD5898400127DB8 /* Sprout_Walk-3.png in Resources */,
				66FD3FFF2CD5898400127DB8 /* Sprout_Walk-9.png in Resources */,
				66FD40002CD5898400127DB8 /* Horse_Walk-2.png in Resources */,
				66FD40012CD5898400127DB8 /* Sprout_Walk-1.png in Resources */,
				66FD40022CD5898400127DB8 /* Apple_Walk-3.png in Resources */,
				66FD40032CD5898400127DB8 /* Bat_Walk-6.png in Resources */,
				66FD40042CD5898400127DB8 /* Bird_Walk-4.png in Resources */,
				66FD40052CD5898400127DB8 /* Man_Walk-2.png in Resources */,
				66FD40062CD5898400127DB8 /* Bird_Walk-5.png in Resources */,
				66FD40072CD5898400127DB8 /* Paint_Walk-2.png in Resources */,
				66FD40082CD5898400127DB8 /* Sprout_Walk-6.png in Resources */,
				66FD40092CD5898400127DB8 /* Sprout_Walk-5.png in Resources */,
				66FD400A2CD5898400127DB8 /* Snake_Hop_Walk-5.png in Resources */,
				66FD400B2CD5898400127DB8 /* Cry_Walk-3.png in Resources */,
				66FD400C2CD5898400127DB8 /* Snake_Walk-4.png in Resources */,
				66FD400D2CD5898400127DB8 /* Paper_Walk-2.png in Resources */,
				66FD400E2CD5898400127DB8 /* Goo_Walk-3.png in Resources */,
				66FD400F2CD5898400127DB8 /* Pant_Walk-1.png in Resources */,
				66FD40102CD5898400127DB8 /* Balloon_Walk-3.png in Resources */,
				66FD40112CD5898400127DB8 /* Bat_Walk-2.png in Resources */,
				66FD40122CD5898400127DB8 /* Goo_Walk-1.png in Resources */,
				66FD40132CD5898400127DB8 /* Horse_Walk-1.png in Resources */,
				66FD40142CD5898400127DB8 /* Elephant_Walk-3.png in Resources */,
				66FD40152CD5898400127DB8 /* Elephant_Walk-2.png in Resources */,
				66FD40162CD5898400127DB8 /* Lip_Walk-3.png in Resources */,
				66FD40172CD5898400127DB8 /* Pea_Walk-2.png in Resources */,
				66FD40182CD5898400127DB8 /* Can_Walk-2.png in Resources */,
				66FD40192CD5898400127DB8 /* Goo_Walk-2.png in Resources */,
				66FD401A2CD5898400127DB8 /* Snake_Hop_Walk-2.png in Resources */,
				66FD401B2CD5898400127DB8 /* Bird_Walk-7.png in Resources */,
				66FD401C2CD5898400127DB8 /* Horse_Walk-3.png in Resources */,
				66FD409A2CD5898C00127DB8 /* Umbrella_Walk-3.png in Resources */,
				66FD409B2CD5898C00127DB8 /* Umbrella_Walk-2.png in Resources */,
				66FD409C2CD5898C00127DB8 /* Umbrella_Walk-1.png in Resources */,
				66FD401D2CD5898400127DB8 /* Ouroboros_Walk-3.png in Resources */,
				66FD401F2CD5898400127DB8 /* Apple_Walk-1.png in Resources */,
				66FD40202CD5898400127DB8 /* Butterfly_Walk-2.png in Resources */,
				66FD40212CD5898400127DB8 /* Paint_Walk-4.png in Resources */,
				66FD40222CD5898400127DB8 /* Peanut_Walk-2.png in Resources */,
				66FD40232CD5898400127DB8 /* Lip_Walk-1.png in Resources */,
				66FD40242CD5898400127DB8 /* Bird_Walk-3.png in Resources */,
				66FD40252CD5898400127DB8 /* Ouroboros_Walk-1.png in Resources */,
				66FD40262CD5898400127DB8 /* Butterfly_Walk-5.png in Resources */,
				66FD40272CD5898400127DB8 /* Elephant_Walk-1.png in Resources */,
				66FD40282CD5898400127DB8 /* Cry_Walk-1.png in Resources */,
				66FD40292CD5898400127DB8 /* Butterfly_Walk-3.png in Resources */,
				66FD402A2CD5898400127DB8 /* Peanut_Walk-3.png in Resources */,
				66FD402B2CD5898400127DB8 /* Paper_Walk-1.png in Resources */,
				66FD402C2CD5898400127DB8 /* Roll_Walk-3.png in Resources */,
				66FD402D2CD5898400127DB8 /* Balloon_Walk-1.png in Resources */,
				66FD402E2CD5898400127DB8 /* Butterfly_Walk-1.png in Resources */,
				66FD402F2CD5898400127DB8 /* Can_Walk-3.png in Resources */,
				66FD40302CD5898400127DB8 /* Paint_Walk-3.png in Resources */,
				66FD40312CD5898400127DB8 /* Snake_Walk-3.png in Resources */,
				66FD40322CD5898400127DB8 /* Roll_Walk-1.png in Resources */,
				66FD40332CD5898400127DB8 /* Man_Walk-3.png in Resources */,
				66FD40342CD5898400127DB8 /* Bat_Walk-1.png in Resources */,
				66FD40352CD5898400127DB8 /* Paper_Walk-3.png in Resources */,
				66FD40362CD5898400127DB8 /* Sprout_Walk-4.png in Resources */,
				66FD40372CD5898400127DB8 /* Sprout_Walk-8.png in Resources */,
				66FD40382CD5898400127DB8 /* Lip_Walk-2.png in Resources */,
				66FD40392CD5898400127DB8 /* Butterfly_Walk-7.png in Resources */,
				66FD403A2CD5898400127DB8 /* Snake_Walk-1.png in Resources */,
				66FD403B2CD5898400127DB8 /* Bat_Walk-3.png in Resources */,
				660C531F2BC2E23E00E0B910 /* thumbnail.png in Resources */,
				66ABE6D32A96D63F007D79DB /* Assets.xcassets in Resources */,
				660C531D2BC2E23E00E0B910 /* thumbnail@2x.png in Resources */,
			);
			runOnlyForDeploymentPostprocessing = 0;
		};
		66D4683B2A9427E30073C731 /* Resources */ = {
			isa = PBXResourcesBuildPhase;
			buildActionMask = 2147483647;
			files = (
				66FD403C2CD5898400127DB8 /* Man_Walk-1.png in Resources */,
				66FD403E2CD5898400127DB8 /* Snake_Hop_Walk-1.png in Resources */,
				66FD403F2CD5898400127DB8 /* Paint_Walk-1.png in Resources */,
				66FD40402CD5898400127DB8 /* Bat_Walk-4.png in Resources */,
				66FD40412CD5898400127DB8 /* Bird_Walk-6.png in Resources */,
				66FD40432CD5898400127DB8 /* Snake_Hop_Walk-3.png in Resources */,
				66FD40442CD5898400127DB8 /* Can_Walk-1.png in Resources */,
				66FD40452CD5898400127DB8 /* Peanut_Walk-1.png in Resources */,
				66FD40462CD5898400127DB8 /* Snake_Hop_Walk-4.png in Resources */,
				66FD40472CD5898400127DB8 /* Sprout_Walk-2.png in Resources */,
				66FD40482CD5898400127DB8 /* Pant_Walk-2.png in Resources */,
				66FD40492CD5898400127DB8 /* Pea_Walk-3.png in Resources */,
				66FD404A2CD5898400127DB8 /* Sprout_Walk-7.png in Resources */,
				66FD404B2CD5898400127DB8 /* Ouroboros_Walk-2.png in Resources */,
				66FD404C2CD5898400127DB8 /* Cry_Walk-2.png in Resources */,
				66FD404D2CD5898400127DB8 /* Bat_Walk-5.png in Resources */,
				66FD404E2CD5898400127DB8 /* Roll_Walk-2.png in Resources */,
				66FD404F2CD5898400127DB8 /* Butterfly_Walk-8.png in Resources */,
				66FD40502CD5898400127DB8 /* Bird_Walk-2.png in Resources */,
				66FD40512CD5898400127DB8 /* Butterfly_Walk-4.png in Resources */,
				66FD40522CD5898400127DB8 /* Pea_Walk-1.png in Resources */,
				66FD40532CD5898400127DB8 /* Apple_Walk-2.png in Resources */,
				66FD40542CD5898400127DB8 /* Balloon_Walk-2.png in Resources */,
				66FD40552CD5898400127DB8 /* Bird_Walk-1.png in Resources */,
				66FD40562CD5898400127DB8 /* Butterfly_Walk-6.png in Resources */,
				66FD40572CD5898400127DB8 /* Pant_Walk-3.png in Resources */,
				66FD40582CD5898400127DB8 /* Snake_Walk-2.png in Resources */,
				66FD40592CD5898400127DB8 /* Sprout_Walk-3.png in Resources */,
				66FD405A2CD5898400127DB8 /* Sprout_Walk-9.png in Resources */,
				66FD405B2CD5898400127DB8 /* Horse_Walk-2.png in Resources */,
				66FD405C2CD5898400127DB8 /* Sprout_Walk-1.png in Resources */,
				66FD405D2CD5898400127DB8 /* Apple_Walk-3.png in Resources */,
				66FD405E2CD5898400127DB8 /* Bat_Walk-6.png in Resources */,
				66FD405F2CD5898400127DB8 /* Bird_Walk-4.png in Resources */,
				66FD40602CD5898400127DB8 /* Man_Walk-2.png in Resources */,
				66FD40612CD5898400127DB8 /* Bird_Walk-5.png in Resources */,
				66FD40622CD5898400127DB8 /* Paint_Walk-2.png in Resources */,
				66FD40632CD5898400127DB8 /* Sprout_Walk-6.png in Resources */,
				66FD40642CD5898400127DB8 /* Sprout_Walk-5.png in Resources */,
				66FD40652CD5898400127DB8 /* Snake_Hop_Walk-5.png in Resources */,
				66FD40662CD5898400127DB8 /* Cry_Walk-3.png in Resources */,
				66FD40672CD5898400127DB8 /* Snake_Walk-4.png in Resources */,
				66FD40682CD5898400127DB8 /* Paper_Walk-2.png in Resources */,
				66FD40692CD5898400127DB8 /* Goo_Walk-3.png in Resources */,
				66FD406A2CD5898400127DB8 /* Pant_Walk-1.png in Resources */,
				66FD406B2CD5898400127DB8 /* Balloon_Walk-3.png in Resources */,
				66FD406C2CD5898400127DB8 /* Bat_Walk-2.png in Resources */,
				66FD406D2CD5898400127DB8 /* Goo_Walk-1.png in Resources */,
				66FD406E2CD5898400127DB8 /* Horse_Walk-1.png in Resources */,
				66FD406F2CD5898400127DB8 /* Elephant_Walk-3.png in Resources */,
				66FD40702CD5898400127DB8 /* Elephant_Walk-2.png in Resources */,
				66FD40712CD5898400127DB8 /* Lip_Walk-3.png in Resources */,
				66FD40722CD5898400127DB8 /* Pea_Walk-2.png in Resources */,
				66FD40732CD5898400127DB8 /* Can_Walk-2.png in Resources */,
				66FD40742CD5898400127DB8 /* Goo_Walk-2.png in Resources */,
				66FD40752CD5898400127DB8 /* Snake_Hop_Walk-2.png in Resources */,
				66FD40762CD5898400127DB8 /* Bird_Walk-7.png in Resources */,
				66FD40772CD5898400127DB8 /* Horse_Walk-3.png in Resources */,
				66FD409D2CD5898C00127DB8 /* Umbrella_Walk-3.png in Resources */,
				66FD409E2CD5898C00127DB8 /* Umbrella_Walk-2.png in Resources */,
				66FD409F2CD5898C00127DB8 /* Umbrella_Walk-1.png in Resources */,
				66FD40782CD5898400127DB8 /* Ouroboros_Walk-3.png in Resources */,
				66FD407A2CD5898400127DB8 /* Apple_Walk-1.png in Resources */,
				66FD407B2CD5898400127DB8 /* Butterfly_Walk-2.png in Resources */,
				66FD407C2CD5898400127DB8 /* Paint_Walk-4.png in Resources */,
				66FD407D2CD5898400127DB8 /* Peanut_Walk-2.png in Resources */,
				66FD407E2CD5898400127DB8 /* Lip_Walk-1.png in Resources */,
				66FD407F2CD5898400127DB8 /* Bird_Walk-3.png in Resources */,
				66FD40802CD5898400127DB8 /* Ouroboros_Walk-1.png in Resources */,
				66FD40812CD5898400127DB8 /* Butterfly_Walk-5.png in Resources */,
				66FD40822CD5898400127DB8 /* Elephant_Walk-1.png in Resources */,
				66FD40832CD5898400127DB8 /* Cry_Walk-1.png in Resources */,
				66FD40842CD5898400127DB8 /* Butterfly_Walk-3.png in Resources */,
				66FD40852CD5898400127DB8 /* Peanut_Walk-3.png in Resources */,
				66FD40862CD5898400127DB8 /* Paper_Walk-1.png in Resources */,
				66FD40872CD5898400127DB8 /* Roll_Walk-3.png in Resources */,
				66FD40882CD5898400127DB8 /* Balloon_Walk-1.png in Resources */,
				66FD40892CD5898400127DB8 /* Butterfly_Walk-1.png in Resources */,
				66FD408A2CD5898400127DB8 /* Can_Walk-3.png in Resources */,
				66FD408B2CD5898400127DB8 /* Paint_Walk-3.png in Resources */,
				66FD408C2CD5898400127DB8 /* Snake_Walk-3.png in Resources */,
				66FD408D2CD5898400127DB8 /* Roll_Walk-1.png in Resources */,
				66FD408E2CD5898400127DB8 /* Man_Walk-3.png in Resources */,
				66FD408F2CD5898400127DB8 /* Bat_Walk-1.png in Resources */,
				66FD40902CD5898400127DB8 /* Paper_Walk-3.png in Resources */,
				66FD40912CD5898400127DB8 /* Sprout_Walk-4.png in Resources */,
				66FD40922CD5898400127DB8 /* Sprout_Walk-8.png in Resources */,
				66FD40932CD5898400127DB8 /* Lip_Walk-2.png in Resources */,
				66FD40942CD5898400127DB8 /* Butterfly_Walk-7.png in Resources */,
				66FD40952CD5898400127DB8 /* Snake_Walk-1.png in Resources */,
				66FD40962CD5898400127DB8 /* Bat_Walk-3.png in Resources */,
				66DEF3D82CD507F400225EF5 /* Assets.xcassets in Resources */,
				660C531C2BC2E23E00E0B910 /* thumbnail@2x.png in Resources */,
				660C531E2BC2E23E00E0B910 /* thumbnail.png in Resources */,
			);
			runOnlyForDeploymentPostprocessing = 0;
		};
/* End PBXResourcesBuildPhase section */

/* Begin PBXSourcesBuildPhase section */
		66ABE6C82A96D63B007D79DB /* Sources */ = {
			isa = PBXSourcesBuildPhase;
			buildActionMask = 2147483647;
			files = (
				66ABE6F92A96D802007D79DB /* MainView.swift in Sources */,
				664C730B2BC2FC2D008AA699 /* ContentView.swift in Sources */,
			);
			runOnlyForDeploymentPostprocessing = 0;
		};
		66D468392A9427E30073C731 /* Sources */ = {
			isa = PBXSourcesBuildPhase;
			buildActionMask = 2147483647;
			files = (
				664403532BC0CAB60095A0EB /* MainView.swift in Sources */,
			);
			runOnlyForDeploymentPostprocessing = 0;
		};
/* End PBXSourcesBuildPhase section */

/* Begin XCBuildConfiguration section */
		66ABE6EE2A96D640007D79DB /* Debug */ = {
			isa = XCBuildConfiguration;
			buildSettings = {
				ASSETCATALOG_COMPILER_APPICON_NAME = AppIcon;
				ASSETCATALOG_COMPILER_GLOBAL_ACCENT_COLOR_NAME = AccentColor;
				CODE_SIGN_ENTITLEMENTS = ScreensaverPreview/ScreensaverPreview.entitlements;
				"CODE_SIGN_IDENTITY[sdk=macosx*]" = "-";
				CODE_SIGN_STYLE = Automatic;
				COMBINE_HIDPI_IMAGES = YES;
				CURRENT_PROJECT_VERSION = 2;
				DEAD_CODE_STRIPPING = YES;
				DEVELOPMENT_ASSET_PATHS = "";
				DEVELOPMENT_TEAM = 83YKH78UXW;
				ENABLE_HARDENED_RUNTIME = YES;
				ENABLE_PREVIEWS = YES;
				GENERATE_INFOPLIST_FILE = YES;
				INFOPLIST_KEY_CFBundleDisplayName = "Suerynn Saver";
				INFOPLIST_KEY_NSHumanReadableCopyright = "";
				LD_RUNPATH_SEARCH_PATHS = (
					"$(inherited)",
					"@executable_path/../Frameworks",
				);
				MACOSX_DEPLOYMENT_TARGET = 12.0;
				MARKETING_VERSION = 1.1;
				PRODUCT_BUNDLE_IDENTIFIER = aoreilly.suerynnsaver.preview;
				PRODUCT_NAME = "$(TARGET_NAME)";
				SWIFT_ACTIVE_COMPILATION_CONDITIONS = "DEBUG $(inherited)";
				SWIFT_EMIT_LOC_STRINGS = YES;
				SWIFT_OPTIMIZATION_LEVEL = "-Onone";
				SWIFT_VERSION = 5.0;
			};
			name = Debug;
		};
		66ABE6EF2A96D640007D79DB /* Release */ = {
			isa = XCBuildConfiguration;
			buildSettings = {
				ASSETCATALOG_COMPILER_APPICON_NAME = AppIcon;
				ASSETCATALOG_COMPILER_GLOBAL_ACCENT_COLOR_NAME = AccentColor;
				CODE_SIGN_ENTITLEMENTS = ScreensaverPreview/ScreensaverPreview.entitlements;
				"CODE_SIGN_IDENTITY[sdk=macosx*]" = "-";
				CODE_SIGN_STYLE = Automatic;
				COMBINE_HIDPI_IMAGES = YES;
				CURRENT_PROJECT_VERSION = 2;
				DEAD_CODE_STRIPPING = YES;
				DEVELOPMENT_ASSET_PATHS = "";
				DEVELOPMENT_TEAM = 83YKH78UXW;
				ENABLE_HARDENED_RUNTIME = YES;
				ENABLE_PREVIEWS = YES;
				GENERATE_INFOPLIST_FILE = YES;
				INFOPLIST_KEY_CFBundleDisplayName = "Suerynn Saver";
				INFOPLIST_KEY_NSHumanReadableCopyright = "";
				LD_RUNPATH_SEARCH_PATHS = (
					"$(inherited)",
					"@executable_path/../Frameworks",
				);
				MACOSX_DEPLOYMENT_TARGET = 12.0;
				MARKETING_VERSION = 1.1;
				PRODUCT_BUNDLE_IDENTIFIER = aoreilly.suerynnsaver.preview;
				PRODUCT_NAME = "$(TARGET_NAME)";
				SWIFT_COMPILATION_MODE = wholemodule;
				SWIFT_EMIT_LOC_STRINGS = YES;
				SWIFT_VERSION = 5.0;
			};
			name = Release;
		};
		66D468442A9427E30073C731 /* Debug */ = {
			isa = XCBuildConfiguration;
			buildSettings = {
				ALWAYS_SEARCH_USER_PATHS = NO;
				ASSETCATALOG_COMPILER_GENERATE_SWIFT_ASSET_SYMBOL_EXTENSIONS = YES;
				CLANG_ANALYZER_NONNULL = YES;
				CLANG_ANALYZER_NUMBER_OBJECT_CONVERSION = YES_AGGRESSIVE;
				CLANG_CXX_LANGUAGE_STANDARD = "gnu++20";
				CLANG_ENABLE_MODULES = YES;
				CLANG_ENABLE_OBJC_ARC = YES;
				CLANG_ENABLE_OBJC_WEAK = YES;
				CLANG_WARN_BLOCK_CAPTURE_AUTORELEASING = YES;
				CLANG_WARN_BOOL_CONVERSION = YES;
				CLANG_WARN_COMMA = YES;
				CLANG_WARN_CONSTANT_CONVERSION = YES;
				CLANG_WARN_DEPRECATED_OBJC_IMPLEMENTATIONS = YES;
				CLANG_WARN_DIRECT_OBJC_ISA_USAGE = YES_ERROR;
				CLANG_WARN_DOCUMENTATION_COMMENTS = YES;
				CLANG_WARN_EMPTY_BODY = YES;
				CLANG_WARN_ENUM_CONVERSION = YES;
				CLANG_WARN_INFINITE_RECURSION = YES;
				CLANG_WARN_INT_CONVERSION = YES;
				CLANG_WARN_NON_LITERAL_NULL_CONVERSION = YES;
				CLANG_WARN_OBJC_IMPLICIT_RETAIN_SELF = YES;
				CLANG_WARN_OBJC_LITERAL_CONVERSION = YES;
				CLANG_WARN_OBJC_ROOT_CLASS = YES_ERROR;
				CLANG_WARN_QUOTED_INCLUDE_IN_FRAMEWORK_HEADER = YES;
				CLANG_WARN_RANGE_LOOP_ANALYSIS = YES;
				CLANG_WARN_STRICT_PROTOTYPES = YES;
				CLANG_WARN_SUSPICIOUS_MOVE = YES;
				CLANG_WARN_UNGUARDED_AVAILABILITY = YES_AGGRESSIVE;
				CLANG_WARN_UNREACHABLE_CODE = YES;
				CLANG_WARN__DUPLICATE_METHOD_MATCH = YES;
				COPY_PHASE_STRIP = NO;
				DEAD_CODE_STRIPPING = YES;
				DEBUG_INFORMATION_FORMAT = dwarf;
				ENABLE_STRICT_OBJC_MSGSEND = YES;
				ENABLE_TESTABILITY = YES;
				ENABLE_USER_SCRIPT_SANDBOXING = YES;
				GCC_C_LANGUAGE_STANDARD = gnu17;
				GCC_DYNAMIC_NO_PIC = NO;
				GCC_NO_COMMON_BLOCKS = YES;
				GCC_OPTIMIZATION_LEVEL = 0;
				GCC_PREPROCESSOR_DEFINITIONS = (
					"DEBUG=1",
					"$(inherited)",
				);
				GCC_WARN_64_TO_32_BIT_CONVERSION = YES;
				GCC_WARN_ABOUT_RETURN_TYPE = YES_ERROR;
				GCC_WARN_UNDECLARED_SELECTOR = YES;
				GCC_WARN_UNINITIALIZED_AUTOS = YES_AGGRESSIVE;
				GCC_WARN_UNUSED_FUNCTION = YES;
				GCC_WARN_UNUSED_VARIABLE = YES;
				LOCALIZATION_PREFERS_STRING_CATALOGS = YES;
				MACOSX_DEPLOYMENT_TARGET = 12.0;
				MTL_ENABLE_DEBUG_INFO = INCLUDE_SOURCE;
				MTL_FAST_MATH = YES;
				ONLY_ACTIVE_ARCH = YES;
				SDKROOT = macosx;
			};
			name = Debug;
		};
		66D468452A9427E30073C731 /* Release */ = {
			isa = XCBuildConfiguration;
			buildSettings = {
				ALWAYS_SEARCH_USER_PATHS = NO;
				ASSETCATALOG_COMPILER_GENERATE_SWIFT_ASSET_SYMBOL_EXTENSIONS = YES;
				CLANG_ANALYZER_NONNULL = YES;
				CLANG_ANALYZER_NUMBER_OBJECT_CONVERSION = YES_AGGRESSIVE;
				CLANG_CXX_LANGUAGE_STANDARD = "gnu++20";
				CLANG_ENABLE_MODULES = YES;
				CLANG_ENABLE_OBJC_ARC = YES;
				CLANG_ENABLE_OBJC_WEAK = YES;
				CLANG_WARN_BLOCK_CAPTURE_AUTORELEASING = YES;
				CLANG_WARN_BOOL_CONVERSION = YES;
				CLANG_WARN_COMMA = YES;
				CLANG_WARN_CONSTANT_CONVERSION = YES;
				CLANG_WARN_DEPRECATED_OBJC_IMPLEMENTATIONS = YES;
				CLANG_WARN_DIRECT_OBJC_ISA_USAGE = YES_ERROR;
				CLANG_WARN_DOCUMENTATION_COMMENTS = YES;
				CLANG_WARN_EMPTY_BODY = YES;
				CLANG_WARN_ENUM_CONVERSION = YES;
				CLANG_WARN_INFINITE_RECURSION = YES;
				CLANG_WARN_INT_CONVERSION = YES;
				CLANG_WARN_NON_LITERAL_NULL_CONVERSION = YES;
				CLANG_WARN_OBJC_IMPLICIT_RETAIN_SELF = YES;
				CLANG_WARN_OBJC_LITERAL_CONVERSION = YES;
				CLANG_WARN_OBJC_ROOT_CLASS = YES_ERROR;
				CLANG_WARN_QUOTED_INCLUDE_IN_FRAMEWORK_HEADER = YES;
				CLANG_WARN_RANGE_LOOP_ANALYSIS = YES;
				CLANG_WARN_STRICT_PROTOTYPES = YES;
				CLANG_WARN_SUSPICIOUS_MOVE = YES;
				CLANG_WARN_UNGUARDED_AVAILABILITY = YES_AGGRESSIVE;
				CLANG_WARN_UNREACHABLE_CODE = YES;
				CLANG_WARN__DUPLICATE_METHOD_MATCH = YES;
				COPY_PHASE_STRIP = NO;
				DEAD_CODE_STRIPPING = YES;
				DEBUG_INFORMATION_FORMAT = "dwarf-with-dsym";
				ENABLE_NS_ASSERTIONS = NO;
				ENABLE_STRICT_OBJC_MSGSEND = YES;
				ENABLE_USER_SCRIPT_SANDBOXING = YES;
				GCC_C_LANGUAGE_STANDARD = gnu17;
				GCC_NO_COMMON_BLOCKS = YES;
				GCC_WARN_64_TO_32_BIT_CONVERSION = YES;
				GCC_WARN_ABOUT_RETURN_TYPE = YES_ERROR;
				GCC_WARN_UNDECLARED_SELECTOR = YES;
				GCC_WARN_UNINITIALIZED_AUTOS = YES_AGGRESSIVE;
				GCC_WARN_UNUSED_FUNCTION = YES;
				GCC_WARN_UNUSED_VARIABLE = YES;
				LOCALIZATION_PREFERS_STRING_CATALOGS = YES;
				MACOSX_DEPLOYMENT_TARGET = 12.0;
				MTL_ENABLE_DEBUG_INFO = NO;
				MTL_FAST_MATH = YES;
				SDKROOT = macosx;
				SWIFT_COMPILATION_MODE = wholemodule;
			};
			name = Release;
		};
		66D468472A9427E30073C731 /* Debug */ = {
			isa = XCBuildConfiguration;
			buildSettings = {
				CLANG_ENABLE_MODULES = YES;
				CODE_SIGN_IDENTITY = "Apple Development";
				"CODE_SIGN_IDENTITY[sdk=macosx*]" = "Apple Development";
				CODE_SIGN_STYLE = Automatic;
				COMBINE_HIDPI_IMAGES = YES;
				CURRENT_PROJECT_VERSION = 2;
				DEAD_CODE_STRIPPING = YES;
				DEVELOPMENT_TEAM = 83YKH78UXW;
				ENABLE_HARDENED_RUNTIME = YES;
				GENERATE_INFOPLIST_FILE = YES;
				INFOPLIST_KEY_CFBundleDisplayName = "Suerynn Saver";
				INFOPLIST_KEY_NSHumanReadableCopyright = "Copyright © 2024 Suerynn Lee. All rights reserved.";
				INFOPLIST_KEY_NSPrincipalClass = SuerynnSaverView;
				INSTALL_PATH = "$(HOME)/Library/Screen Savers";
				MACOSX_DEPLOYMENT_TARGET = 12.0;
				MARKETING_VERSION = 1.1;
				PRODUCT_BUNDLE_IDENTIFIER = aoreilly.suerynnsaver;
				PRODUCT_NAME = "$(TARGET_NAME)";
				PROVISIONING_PROFILE_SPECIFIER = "";
				SKIP_INSTALL = NO;
				SWIFT_EMIT_LOC_STRINGS = YES;
				SWIFT_OPTIMIZATION_LEVEL = "-Onone";
				SWIFT_VERSION = 5.0;
				WRAPPER_EXTENSION = saver;
			};
			name = Debug;
		};
		66D468482A9427E30073C731 /* Release */ = {
			isa = XCBuildConfiguration;
			buildSettings = {
				CLANG_ENABLE_MODULES = YES;
				CODE_SIGN_IDENTITY = "Apple Development";
				"CODE_SIGN_IDENTITY[sdk=macosx*]" = "Apple Development";
				CODE_SIGN_STYLE = Automatic;
				COMBINE_HIDPI_IMAGES = YES;
				CURRENT_PROJECT_VERSION = 2;
				DEAD_CODE_STRIPPING = YES;
				DEVELOPMENT_TEAM = 83YKH78UXW;
				ENABLE_HARDENED_RUNTIME = YES;
				GENERATE_INFOPLIST_FILE = YES;
				INFOPLIST_KEY_CFBundleDisplayName = "Suerynn Saver";
				INFOPLIST_KEY_NSHumanReadableCopyright = "Copyright © 2024 Suerynn Lee. All rights reserved.";
				INFOPLIST_KEY_NSPrincipalClass = SuerynnSaverView;
				INSTALL_PATH = "$(HOME)/Library/Screen Savers";
				MACOSX_DEPLOYMENT_TARGET = 12.0;
				MARKETING_VERSION = 1.1;
				PRODUCT_BUNDLE_IDENTIFIER = aoreilly.suerynnsaver;
				PRODUCT_NAME = "$(TARGET_NAME)";
				PROVISIONING_PROFILE_SPECIFIER = "";
				SKIP_INSTALL = NO;
				SWIFT_EMIT_LOC_STRINGS = YES;
				SWIFT_VERSION = 5.0;
				WRAPPER_EXTENSION = saver;
			};
			name = Release;
		};
/* End XCBuildConfiguration section */

/* Begin XCConfigurationList section */
		66ABE6F42A96D640007D79DB /* Build configuration list for PBXNativeTarget "ScreensaverPreview" */ = {
			isa = XCConfigurationList;
			buildConfigurations = (
				66ABE6EE2A96D640007D79DB /* Debug */,
				66ABE6EF2A96D640007D79DB /* Release */,
			);
			defaultConfigurationIsVisible = 0;
			defaultConfigurationName = Release;
		};
		66D468372A9427E30073C731 /* Build configuration list for PBXProject "Suerynn Saver" */ = {
			isa = XCConfigurationList;
			buildConfigurations = (
				66D468442A9427E30073C731 /* Debug */,
				66D468452A9427E30073C731 /* Release */,
			);
			defaultConfigurationIsVisible = 0;
			defaultConfigurationName = Release;
		};
		66D468462A9427E30073C731 /* Build configuration list for PBXNativeTarget "Suerynn Saver" */ = {
			isa = XCConfigurationList;
			buildConfigurations = (
				66D468472A9427E30073C731 /* Debug */,
				66D468482A9427E30073C731 /* Release */,
			);
			defaultConfigurationIsVisible = 0;
			defaultConfigurationName = Release;
		};
/* End XCConfigurationList section */
	};
	rootObject = 66D468342A9427E30073C731 /* Project object */;
}
